// !$*UTF8*$!
{
	archiveVersion = 1;
	classes = {
	};
	objectVersion = 46;
	objects = {

/* Begin PBXBuildFile section */
		B866480E1BA71E1C00A4D97B /* AppDelegate.swift in Sources */ = {isa = PBXBuildFile; fileRef = B866480D1BA71E1C00A4D97B /* AppDelegate.swift */; };
		B86648101BA71E1C00A4D97B /* ViewController.swift in Sources */ = {isa = PBXBuildFile; fileRef = B866480F1BA71E1C00A4D97B /* ViewController.swift */; };
		B86648131BA71E1C00A4D97B /* Main.storyboard in Resources */ = {isa = PBXBuildFile; fileRef = B86648111BA71E1C00A4D97B /* Main.storyboard */; };
		B86648151BA71E1C00A4D97B /* Images.xcassets in Resources */ = {isa = PBXBuildFile; fileRef = B86648141BA71E1C00A4D97B /* Images.xcassets */; };
		B86648181BA71E1C00A4D97B /* LaunchScreen.xib in Resources */ = {isa = PBXBuildFile; fileRef = B86648161BA71E1C00A4D97B /* LaunchScreen.xib */; };
		B86648241BA71E1C00A4D97B /* UISwitchDemoTests.swift in Sources */ = {isa = PBXBuildFile; fileRef = B86648231BA71E1C00A4D97B /* UISwitchDemoTests.swift */; };
/* End PBXBuildFile section */

/* Begin PBXContainerItemProxy section */
		B866481E1BA71E1C00A4D97B /* PBXContainerItemProxy */ = {
			isa = PBXContainerItemProxy;
			containerPortal = B86648001BA71E1C00A4D97B /* Project object */;
			proxyType = 1;
			remoteGlobalIDString = B86648071BA71E1C00A4D97B;
			remoteInfo = UISwitchDemo;
		};
/* End PBXContainerItemProxy section */

/* Begin PBXFileReference section */
		B86648081BA71E1C00A4D97B /* UISwitchDemo.app */ = {isa = PBXFileReference; explicitFileType = wrapper.application; includeInIndex = 0; path = UISwitchDemo.app; sourceTree = BUILT_PRODUCTS_DIR; };
		B866480C1BA71E1C00A4D97B /* Info.plist */ = {isa = PBXFileReference; lastKnownFileType = text.plist.xml; path = Info.plist; sourceTree = "<group>"; };
		B866480D1BA71E1C00A4D97B /* AppDelegate.swift */ = {isa = PBXFileReference; lastKnownFileType = sourcecode.swift; path = AppDelegate.swift; sourceTree = "<group>"; };
		B866480F1BA71E1C00A4D97B /* ViewController.swift */ = {isa = PBXFileReference; lastKnownFileType = sourcecode.swift; path = ViewController.swift; sourceTree = "<group>"; };
		B86648121BA71E1C00A4D97B /* Base */ = {isa = PBXFileReference; lastKnownFileType = file.storyboard; name = Base; path = Base.lproj/Main.storyboard; sourceTree = "<group>"; };
		B86648141BA71E1C00A4D97B /* Images.xcassets */ = {isa = PBXFileReference; lastKnownFileType = folder.assetcatalog; path = Images.xcassets; sourceTree = "<group>"; };
		B86648171BA71E1C00A4D97B /* Base */ = {isa = PBXFileReference; lastKnownFileType = file.xib; name = Base; path = Base.lproj/LaunchScreen.xib; sourceTree = "<group>"; };
		B866481D1BA71E1C00A4D97B /* UISwitchDemoTests.xctest */ = {isa = PBXFileReference; explicitFileType = wrapper.cfbundle; includeInIndex = 0; path = UISwitchDemoTests.xctest; sourceTree = BUILT_PRODUCTS_DIR; };
		B86648221BA71E1C00A4D97B /* Info.plist */ = {isa = PBXFileReference; lastKnownFileType = text.plist.xml; path = Info.plist; sourceTree = "<group>"; };
		B86648231BA71E1C00A4D97B /* UISwitchDemoTests.swift */ = {isa = PBXFileReference; lastKnownFileType = sourcecode.swift; path = UISwitchDemoTests.swift; sourceTree = "<group>"; };
/* End PBXFileReference section */

/* Begin PBXFrameworksBuildPhase section */
		B86648051BA71E1C00A4D97B /* Frameworks */ = {
			isa = PBXFrameworksBuildPhase;
			buildActionMask = 2147483647;
			files = (
			);
			runOnlyForDeploymentPostprocessing = 0;
		};
		B866481A1BA71E1C00A4D97B /* Frameworks */ = {
			isa = PBXFrameworksBuildPhase;
			buildActionMask = 2147483647;
			files = (
			);
			runOnlyForDeploymentPostprocessing = 0;
		};
/* End PBXFrameworksBuildPhase section */

/* Begin PBXGroup section */
		B86647FF1BA71E1C00A4D97B = {
			isa = PBXGroup;
			children = (
				B866480A1BA71E1C00A4D97B /* UISwitchDemo */,
				B86648201BA71E1C00A4D97B /* UISwitchDemoTests */,
				B86648091BA71E1C00A4D97B /* Products */,
			);
			sourceTree = "<group>";
		};
		B86648091BA71E1C00A4D97B /* Products */ = {
			isa = PBXGroup;
			children = (
				B86648081BA71E1C00A4D97B /* UISwitchDemo.app */,
				B866481D1BA71E1C00A4D97B /* UISwitchDemoTests.xctest */,
			);
			name = Products;
			sourceTree = "<group>";
		};
		B866480A1BA71E1C00A4D97B /* UISwitchDemo */ = {
			isa = PBXGroup;
			children = (
				B866480D1BA71E1C00A4D97B /* AppDelegate.swift */,
				B866480F1BA71E1C00A4D97B /* ViewController.swift */,
				B86648111BA71E1C00A4D97B /* Main.storyboard */,
				B86648141BA71E1C00A4D97B /* Images.xcassets */,
				B86648161BA71E1C00A4D97B /* LaunchScreen.xib */,
				B866480B1BA71E1C00A4D97B /* Supporting Files */,
			);
			path = UISwitchDemo;
			sourceTree = "<group>";
		};
		B866480B1BA71E1C00A4D97B /* Supporting Files */ = {
			isa = PBXGroup;
			children = (
				B866480C1BA71E1C00A4D97B /* Info.plist */,
			);
			name = "Supporting Files";
			sourceTree = "<group>";
		};
		B86648201BA71E1C00A4D97B /* UISwitchDemoTests */ = {
			isa = PBXGroup;
			children = (
				B86648231BA71E1C00A4D97B /* UISwitchDemoTests.swift */,
				B86648211BA71E1C00A4D97B /* Supporting Files */,
			);
			path = UISwitchDemoTests;
			sourceTree = "<group>";
		};
		B86648211BA71E1C00A4D97B /* Supporting Files */ = {
			isa = PBXGroup;
			children = (
				B86648221BA71E1C00A4D97B /* Info.plist */,
			);
			name = "Supporting Files";
			sourceTree = "<group>";
		};
/* End PBXGroup section */

/* Begin PBXNativeTarget section */
		B86648071BA71E1C00A4D97B /* UISwitchDemo */ = {
			isa = PBXNativeTarget;
			buildConfigurationList = B86648271BA71E1C00A4D97B /* Build configuration list for PBXNativeTarget "UISwitchDemo" */;
			buildPhases = (
				B86648041BA71E1C00A4D97B /* Sources */,
				B86648051BA71E1C00A4D97B /* Frameworks */,
				B86648061BA71E1C00A4D97B /* Resources */,
			);
			buildRules = (
			);
			dependencies = (
			);
			name = UISwitchDemo;
			productName = UISwitchDemo;
			productReference = B86648081BA71E1C00A4D97B /* UISwitchDemo.app */;
			productType = "com.apple.product-type.application";
		};
		B866481C1BA71E1C00A4D97B /* UISwitchDemoTests */ = {
			isa = PBXNativeTarget;
			buildConfigurationList = B866482A1BA71E1C00A4D97B /* Build configuration list for PBXNativeTarget "UISwitchDemoTests" */;
			buildPhases = (
				B86648191BA71E1C00A4D97B /* Sources */,
				B866481A1BA71E1C00A4D97B /* Frameworks */,
				B866481B1BA71E1C00A4D97B /* Resources */,
			);
			buildRules = (
			);
			dependencies = (
				B866481F1BA71E1C00A4D97B /* PBXTargetDependency */,
			);
			name = UISwitchDemoTests;
			productName = UISwitchDemoTests;
			productReference = B866481D1BA71E1C00A4D97B /* UISwitchDemoTests.xctest */;
			productType = "com.apple.product-type.bundle.unit-test";
		};
/* End PBXNativeTarget section */

/* Begin PBXProject section */
		B86648001BA71E1C00A4D97B /* Project object */ = {
			isa = PBXProject;
			attributes = {
				LastUpgradeCheck = 0640;
				ORGANIZATIONNAME = YouHuaPei;
				TargetAttributes = {
					B86648071BA71E1C00A4D97B = {
						CreatedOnToolsVersion = 6.4;
					};
					B866481C1BA71E1C00A4D97B = {
						CreatedOnToolsVersion = 6.4;
						TestTargetID = B86648071BA71E1C00A4D97B;
					};
				};
			};
			buildConfigurationList = B86648031BA71E1C00A4D97B /* Build configuration list for PBXProject "UISwitchDemo" */;
			compatibilityVersion = "Xcode 3.2";
			developmentRegion = English;
			hasScannedForEncodings = 0;
			knownRegions = (
				en,
				Base,
			);
			mainGroup = B86647FF1BA71E1C00A4D97B;
			productRefGroup = B86648091BA71E1C00A4D97B /* Products */;
			projectDirPath = "";
			projectRoot = "";
			targets = (
				B86648071BA71E1C00A4D97B /* UISwitchDemo */,
				B866481C1BA71E1C00A4D97B /* UISwitchDemoTests */,
			);
		};
/* End PBXProject section */

/* Begin PBXResourcesBuildPhase section */
		B86648061BA71E1C00A4D97B /* Resources */ = {
			isa = PBXResourcesBuildPhase;
			buildActionMask = 2147483647;
			files = (
				B86648131BA71E1C00A4D97B /* Main.storyboard in Resources */,
				B86648181BA71E1C00A4D97B /* LaunchScreen.xib in Resources */,
				B86648151BA71E1C00A4D97B /* Images.xcassets in Resources */,
			);
			runOnlyForDeploymentPostprocessing = 0;
		};
		B866481B1BA71E1C00A4D97B /* Resources */ = {
			isa = PBXResourcesBuildPhase;
			buildActionMask = 2147483647;
			files = (
			);
			runOnlyForDeploymentPostprocessing = 0;
		};
/* End PBXResourcesBuildPhase section */

/* Begin PBXSourcesBuildPhase section */
		B86648041BA71E1C00A4D97B /* Sources */ = {
			isa = PBXSourcesBuildPhase;
			buildActionMask = 2147483647;
			files = (
				B86648101BA71E1C00A4D97B /* ViewController.swift in Sources */,
				B866480E1BA71E1C00A4D97B /* AppDelegate.swift in Sources */,
			);
			runOnlyForDeploymentPostprocessing = 0;
		};
		B86648191BA71E1C00A4D97B /* Sources */ = {
			isa = PBXSourcesBuildPhase;
			buildActionMask = 2147483647;
			files = (
				B86648241BA71E1C00A4D97B /* UISwitchDemoTests.swift in Sources */,
			);
			runOnlyForDeploymentPostprocessing = 0;
		};
/* End PBXSourcesBuildPhase section */

/* Begin PBXTargetDependency section */
		B866481F1BA71E1C00A4D97B /* PBXTargetDependency */ = {
			isa = PBXTargetDependency;
			target = B86648071BA71E1C00A4D97B /* UISwitchDemo */;
			targetProxy = B866481E1BA71E1C00A4D97B /* PBXContainerItemProxy */;
		};
/* End PBXTargetDependency section */

/* Begin PBXVariantGroup section */
		B86648111BA71E1C00A4D97B /* Main.storyboard */ = {
			isa = PBXVariantGroup;
			children = (
				B86648121BA71E1C00A4D97B /* Base */,
			);
			name = Main.storyboard;
			sourceTree = "<group>";
		};
		B86648161BA71E1C00A4D97B /* LaunchScreen.xib */ = {
			isa = PBXVariantGroup;
			children = (
				B86648171BA71E1C00A4D97B /* Base */,
			);
			name = LaunchScreen.xib;
			sourceTree = "<group>";
		};
/* End PBXVariantGroup section */

/* Begin XCBuildConfiguration section */
		B86648251BA71E1C00A4D97B /* Debug */ = {
			isa = XCBuildConfiguration;
			buildSettings = {
				ALWAYS_SEARCH_USER_PATHS = NO;
				CLANG_CXX_LANGUAGE_STANDARD = "gnu++0x";
				CLANG_CXX_LIBRARY = "libc++";
				CLANG_ENABLE_MODULES = YES;
				CLANG_ENABLE_OBJC_ARC = YES;
				CLANG_WARN_BOOL_CONVERSION = YES;
				CLANG_WARN_CONSTANT_CONVERSION = YES;
				CLANG_WARN_DIRECT_OBJC_ISA_USAGE = YES_ERROR;
				CLANG_WARN_EMPTY_BODY = YES;
				CLANG_WARN_ENUM_CONVERSION = YES;
				CLANG_WARN_INT_CONVERSION = YES;
				CLANG_WARN_OBJC_ROOT_CLASS = YES_ERROR;
				CLANG_WARN_UNREACHABLE_CODE = YES;
				CLANG_WARN__DUPLICATE_METHOD_MATCH = YES;
				"CODE_SIGN_IDENTITY[sdk=iphoneos*]" = "iPhone Developer";
				COPY_PHASE_STRIP = NO;
				DEBUG_INFORMATION_FORMAT = "dwarf-with-dsym";
				ENABLE_STRICT_OBJC_MSGSEND = YES;
				GCC_C_LANGUAGE_STANDARD = gnu99;
				GCC_DYNAMIC_NO_PIC = NO;
				GCC_NO_COMMON_BLOCKS = YES;
				GCC_OPTIMIZATION_LEVEL = 0;
				GCC_PREPROCESSOR_DEFINITIONS = (
					"DEBUG=1",
					"$(inherited)",
				);
				GCC_SYMBOLS_PRIVATE_EXTERN = NO;
				GCC_WARN_64_TO_32_BIT_CONVERSION = YES;
				GCC_WARN_ABOUT_RETURN_TYPE = YES_ERROR;
				GCC_WARN_UNDECLARED_SELECTOR = YES;
				GCC_WARN_UNINITIALIZED_AUTOS = YES_AGGRESSIVE;
				GCC_WARN_UNUSED_FUNCTION = YES;
				GCC_WARN_UNUSED_VARIABLE = YES;
				IPHONEOS_DEPLOYMENT_TARGET = 8.4;
				MTL_ENABLE_DEBUG_INFO = YES;
				ONLY_ACTIVE_ARCH = YES;
				SDKROOT = iphoneos;
				SWIFT_OPTIMIZATION_LEVEL = "-Onone";
				TARGETED_DEVICE_FAMILY = "1,2";
			};
			name = Debug;
		};
		B86648261BA71E1C00A4D97B /* Release */ = {
			isa = XCBuildConfiguration;
			buildSettings = {
				ALWAYS_SEARCH_USER_PATHS = NO;
				CLANG_CXX_LANGUAGE_STANDARD = "gnu++0x";
				CLANG_CXX_LIBRARY = "libc++";
				CLANG_ENABLE_MODULES = YES;
				CLANG_ENABLE_OBJC_ARC = YES;
				CLANG_WARN_BOOL_CONVERSION = YES;
				CLANG_WARN_CONSTANT_CONVERSION = YES;
				CLANG_WARN_DIRECT_OBJC_ISA_USAGE = YES_ERROR;
				CLANG_WARN_EMPTY_BODY = YES;
				CLANG_WARN_ENUM_CONVERSION = YES;
				CLANG_WARN_INT_CONVERSION = YES;
				CLANG_WARN_OBJC_ROOT_CLASS = YES_ERROR;
				CLANG_WARN_UNREACHABLE_CODE = YES;
				CLANG_WARN__DUPLICATE_METHOD_MATCH = YES;
				"CODE_SIGN_IDENTITY[sdk=iphoneos*]" = "iPhone Developer";
				COPY_PHASE_STRIP = NO;
				DEBUG_INFORMATION_FORMAT = "dwarf-with-dsym";
				ENABLE_NS_ASSERTIONS = NO;
				ENABLE_STRICT_OBJC_MSGSEND = YES;
				GCC_C_LANGUAGE_STANDARD = gnu99;
				GCC_NO_COMMON_BLOCKS = YES;
				GCC_WARN_64_TO_32_BIT_CONVERSION = YES;
				GCC_WARN_ABOUT_RETURN_TYPE = YES_ERROR;
				GCC_WARN_UNDECLARED_SELECTOR = YES;
				GCC_WARN_UNINITIALIZED_AUTOS = YES_AGGRESSIVE;
				GCC_WARN_UNUSED_FUNCTION = YES;
				GCC_WARN_UNUSED_VARIABLE = YES;
				IPHONEOS_DEPLOYMENT_TARGET = 8.4;
				MTL_ENABLE_DEBUG_INFO = NO;
				SDKROOT = iphoneos;
				TARGETED_DEVICE_FAMILY = "1,2";
				VALIDATE_PRODUCT = YES;
			};
			name = Release;
		};
		B86648281BA71E1C00A4D97B /* Debug */ = {
			isa = XCBuildConfiguration;
			buildSettings = {
				ASSETCATALOG_COMPILER_APPICON_NAME = AppIcon;
				INFOPLIST_FILE = UISwitchDemo/Info.plist;
				LD_RUNPATH_SEARCH_PATHS = "$(inherited) @executable_path/Frameworks";
				PRODUCT_NAME = "$(TARGET_NAME)";
			};
			name = Debug;
		};
		B86648291BA71E1C00A4D97B /* Release */ = {
			isa = XCBuildConfiguration;
			buildSettings = {
				ASSETCATALOG_COMPILER_APPICON_NAME = AppIcon;
				INFOPLIST_FILE = UISwitchDemo/Info.plist;
				LD_RUNPATH_SEARCH_PATHS = "$(inherited) @executable_path/Frameworks";
				PRODUCT_NAME = "$(TARGET_NAME)";
			};
			name = Release;
		};
		B866482B1BA71E1C00A4D97B /* Debug */ = {
			isa = XCBuildConfiguration;
			buildSettings = {
				BUNDLE_LOADER = "$(TEST_HOST)";
				FRAMEWORK_SEARCH_PATHS = (
					"$(SDKROOT)/Developer/Library/Frameworks",
					"$(inherited)",
				);
				GCC_PREPROCESSOR_DEFINITIONS = (
					"DEBUG=1",
					"$(inherited)",
				);
				INFOPLIST_FILE = UISwitchDemoTests/Info.plist;
				LD_RUNPATH_SEARCH_PATHS = "$(inherited) @executable_path/Frameworks @loader_path/Frameworks";
				PRODUCT_NAME = "$(TARGET_NAME)";
				TEST_HOST = "$(BUILT_PRODUCTS_DIR)/UISwitchDemo.app/UISwitchDemo";
			};
			name = Debug;
		};
		B866482C1BA71E1C00A4D97B /* Release */ = {
			isa = XCBuildConfiguration;
			buildSettings = {
				BUNDLE_LOADER = "$(TEST_HOST)";
				FRAMEWORK_SEARCH_PATHS = (
					"$(SDKROOT)/Developer/Library/Frameworks",
					"$(inherited)",
				);
				INFOPLIST_FILE = UISwitchDemoTests/Info.plist;
				LD_RUNPATH_SEARCH_PATHS = "$(inherited) @executable_path/Frameworks @loader_path/Frameworks";
				PRODUCT_NAME = "$(TARGET_NAME)";
				TEST_HOST = "$(BUILT_PRODUCTS_DIR)/UISwitchDemo.app/UISwitchDemo";
			};
			name = Release;
		};
/* End XCBuildConfiguration section */

/* Begin XCConfigurationList section */
		B86648031BA71E1C00A4D97B /* Build configuration list for PBXProject "UISwitchDemo" */ = {
			isa = XCConfigurationList;
			buildConfigurations = (
				B86648251BA71E1C00A4D97B /* Debug */,
				B86648261BA71E1C00A4D97B /* Release */,
			);
			defaultConfigurationIsVisible = 0;
			defaultConfigurationName = Release;
		};
		B86648271BA71E1C00A4D97B /* Build configuration list for PBXNativeTarget "UISwitchDemo" */ = {
			isa = XCConfigurationList;
			buildConfigurations = (
				B86648281BA71E1C00A4D97B /* Debug */,
				B86648291BA71E1C00A4D97B /* Release */,
			);
			defaultConfigurationIsVisible = 0;
		};
		B866482A1BA71E1C00A4D97B /* Build configuration list for PBXNativeTarget "UISwitchDemoTests" */ = {
			isa = XCConfigurationList;
			buildConfigurations = (
				B866482B1BA71E1C00A4D97B /* Debug */,
				B866482C1BA71E1C00A4D97B /* Release */,
			);
			defaultConfigurationIsVisible = 0;
		};
/* End XCConfigurationList section */
	};
	rootObject = B86648001BA71E1C00A4D97B /* Project object */;
}
