// !$*UTF8*$!
{
	archiveVersion = 1;
	classes = {
	};
	objectVersion = 50;
	objects = {

/* Begin PBXBuildFile section */
		B825855F21E3A9BC004845A6 /* main.swift in Sources */ = {isa = PBXBuildFile; fileRef = B825855E21E3A9BC004845A6 /* main.swift */; };
		B82C38622185E57E00A3D008 /* main.swift in Sources */ = {isa = PBXBuildFile; fileRef = B82C38612185E57E00A3D008 /* main.swift */; };
		B83D2F47213C2C960059E99D /* main.swift in Sources */ = {isa = PBXBuildFile; fileRef = B83D2F46213C2C960059E99D /* main.swift */; };
		B83D2F542142CB2C0059E99D /* main.swift in Sources */ = {isa = PBXBuildFile; fileRef = B83D2F532142CB2C0059E99D /* main.swift */; };
		B893CE73219C7A2300E265C5 /* main.swift in Sources */ = {isa = PBXBuildFile; fileRef = B893CE72219C7A2300E265C5 /* main.swift */; };
		B893CE7E219DBA7000E265C5 /* main.swift in Sources */ = {isa = PBXBuildFile; fileRef = B893CE7D219DBA7000E265C5 /* main.swift */; };
		B8AED9B2219096B70030AE59 /* main.swift in Sources */ = {isa = PBXBuildFile; fileRef = B8AED9B1219096B70030AE59 /* main.swift */; };
		B8B653BD21496FE300C809E0 /* main.swift in Sources */ = {isa = PBXBuildFile; fileRef = B8B653BC21496FE300C809E0 /* main.swift */; };
		B8B653C82152957F00C809E0 /* main.swift in Sources */ = {isa = PBXBuildFile; fileRef = B8B653C72152957F00C809E0 /* main.swift */; };
		B8B653D3215541AE00C809E0 /* main.swift in Sources */ = {isa = PBXBuildFile; fileRef = B8B653D2215541AE00C809E0 /* main.swift */; };
		B8E1DC1921CD3AF400B06277 /* main.swift in Sources */ = {isa = PBXBuildFile; fileRef = B8E1DC1821CD3AF400B06277 /* main.swift */; };
		B8FF55E7216D05180054F133 /* main.swift in Sources */ = {isa = PBXBuildFile; fileRef = B8FF55E6216D05180054F133 /* main.swift */; };
		B8FF55F22174E1560054F133 /* main.swift in Sources */ = {isa = PBXBuildFile; fileRef = B8FF55F12174E1560054F133 /* main.swift */; };
/* End PBXBuildFile section */

/* Begin PBXCopyFilesBuildPhase section */
		B825855A21E3A9BC004845A6 /* CopyFiles */ = {
			isa = PBXCopyFilesBuildPhase;
			buildActionMask = 2147483647;
			dstPath = /usr/share/man/man1/;
			dstSubfolderSpec = 0;
			files = (
			);
			runOnlyForDeploymentPostprocessing = 1;
		};
		B82C385D2185E57E00A3D008 /* CopyFiles */ = {
			isa = PBXCopyFilesBuildPhase;
			buildActionMask = 2147483647;
			dstPath = /usr/share/man/man1/;
			dstSubfolderSpec = 0;
			files = (
			);
			runOnlyForDeploymentPostprocessing = 1;
		};
		B83D2F41213C2C960059E99D /* CopyFiles */ = {
			isa = PBXCopyFilesBuildPhase;
			buildActionMask = 2147483647;
			dstPath = /usr/share/man/man1/;
			dstSubfolderSpec = 0;
			files = (
			);
			runOnlyForDeploymentPostprocessing = 1;
		};
		B83D2F4F2142CB2C0059E99D /* CopyFiles */ = {
			isa = PBXCopyFilesBuildPhase;
			buildActionMask = 2147483647;
			dstPath = /usr/share/man/man1/;
			dstSubfolderSpec = 0;
			files = (
			);
			runOnlyForDeploymentPostprocessing = 1;
		};
		B893CE6E219C7A2300E265C5 /* CopyFiles */ = {
			isa = PBXCopyFilesBuildPhase;
			buildActionMask = 2147483647;
			dstPath = /usr/share/man/man1/;
			dstSubfolderSpec = 0;
			files = (
			);
			runOnlyForDeploymentPostprocessing = 1;
		};
		B893CE79219DBA7000E265C5 /* CopyFiles */ = {
			isa = PBXCopyFilesBuildPhase;
			buildActionMask = 2147483647;
			dstPath = /usr/share/man/man1/;
			dstSubfolderSpec = 0;
			files = (
			);
			runOnlyForDeploymentPostprocessing = 1;
		};
		B8AED9AD219096B70030AE59 /* CopyFiles */ = {
			isa = PBXCopyFilesBuildPhase;
			buildActionMask = 2147483647;
			dstPath = /usr/share/man/man1/;
			dstSubfolderSpec = 0;
			files = (
			);
			runOnlyForDeploymentPostprocessing = 1;
		};
		B8B653B821496FE300C809E0 /* CopyFiles */ = {
			isa = PBXCopyFilesBuildPhase;
			buildActionMask = 2147483647;
			dstPath = /usr/share/man/man1/;
			dstSubfolderSpec = 0;
			files = (
			);
			runOnlyForDeploymentPostprocessing = 1;
		};
		B8B653C32152957F00C809E0 /* CopyFiles */ = {
			isa = PBXCopyFilesBuildPhase;
			buildActionMask = 2147483647;
			dstPath = /usr/share/man/man1/;
			dstSubfolderSpec = 0;
			files = (
			);
			runOnlyForDeploymentPostprocessing = 1;
		};
		B8B653CE215541AE00C809E0 /* CopyFiles */ = {
			isa = PBXCopyFilesBuildPhase;
			buildActionMask = 2147483647;
			dstPath = /usr/share/man/man1/;
			dstSubfolderSpec = 0;
			files = (
			);
			runOnlyForDeploymentPostprocessing = 1;
		};
		B8E1DC1421CD3AF400B06277 /* CopyFiles */ = {
			isa = PBXCopyFilesBuildPhase;
			buildActionMask = 2147483647;
			dstPath = /usr/share/man/man1/;
			dstSubfolderSpec = 0;
			files = (
			);
			runOnlyForDeploymentPostprocessing = 1;
		};
		B8FF55E2216D05180054F133 /* CopyFiles */ = {
			isa = PBXCopyFilesBuildPhase;
			buildActionMask = 2147483647;
			dstPath = /usr/share/man/man1/;
			dstSubfolderSpec = 0;
			files = (
			);
			runOnlyForDeploymentPostprocessing = 1;
		};
		B8FF55ED2174E1560054F133 /* CopyFiles */ = {
			isa = PBXCopyFilesBuildPhase;
			buildActionMask = 2147483647;
			dstPath = /usr/share/man/man1/;
			dstSubfolderSpec = 0;
			files = (
			);
			runOnlyForDeploymentPostprocessing = 1;
		};
/* End PBXCopyFilesBuildPhase section */

/* Begin PBXFileReference section */
		B825855C21E3A9BC004845A6 /* AdvanceSwift_14 */ = {isa = PBXFileReference; explicitFileType = "compiled.mach-o.executable"; includeInIndex = 0; path = AdvanceSwift_14; sourceTree = BUILT_PRODUCTS_DIR; };
		B825855E21E3A9BC004845A6 /* main.swift */ = {isa = PBXFileReference; lastKnownFileType = sourcecode.swift; path = main.swift; sourceTree = "<group>"; };
		B82C385F2185E57E00A3D008 /* AdvanceSwift_09 */ = {isa = PBXFileReference; explicitFileType = "compiled.mach-o.executable"; includeInIndex = 0; path = AdvanceSwift_09; sourceTree = BUILT_PRODUCTS_DIR; };
		B82C38612185E57E00A3D008 /* main.swift */ = {isa = PBXFileReference; lastKnownFileType = sourcecode.swift; path = main.swift; sourceTree = "<group>"; };
		B83D2F43213C2C960059E99D /* AdvanceSwift */ = {isa = PBXFileReference; explicitFileType = "compiled.mach-o.executable"; includeInIndex = 0; path = AdvanceSwift; sourceTree = BUILT_PRODUCTS_DIR; };
		B83D2F46213C2C960059E99D /* main.swift */ = {isa = PBXFileReference; lastKnownFileType = sourcecode.swift; path = main.swift; sourceTree = "<group>"; };
		B83D2F512142CB2C0059E99D /* AdvanceSwift_02 */ = {isa = PBXFileReference; explicitFileType = "compiled.mach-o.executable"; includeInIndex = 0; path = AdvanceSwift_02; sourceTree = BUILT_PRODUCTS_DIR; };
		B83D2F532142CB2C0059E99D /* main.swift */ = {isa = PBXFileReference; lastKnownFileType = sourcecode.swift; path = main.swift; sourceTree = "<group>"; };
		B893CE70219C7A2300E265C5 /* AdvanceSwift_11 */ = {isa = PBXFileReference; explicitFileType = "compiled.mach-o.executable"; includeInIndex = 0; path = AdvanceSwift_11; sourceTree = BUILT_PRODUCTS_DIR; };
		B893CE72219C7A2300E265C5 /* main.swift */ = {isa = PBXFileReference; lastKnownFileType = sourcecode.swift; path = main.swift; sourceTree = "<group>"; };
		B893CE7B219DBA7000E265C5 /* AdvanceSwift_12 */ = {isa = PBXFileReference; explicitFileType = "compiled.mach-o.executable"; includeInIndex = 0; path = AdvanceSwift_12; sourceTree = BUILT_PRODUCTS_DIR; };
		B893CE7D219DBA7000E265C5 /* main.swift */ = {isa = PBXFileReference; lastKnownFileType = sourcecode.swift; path = main.swift; sourceTree = "<group>"; };
		B8AED9AF219096B70030AE59 /* AdvanceSwift_10 */ = {isa = PBXFileReference; explicitFileType = "compiled.mach-o.executable"; includeInIndex = 0; path = AdvanceSwift_10; sourceTree = BUILT_PRODUCTS_DIR; };
		B8AED9B1219096B70030AE59 /* main.swift */ = {isa = PBXFileReference; lastKnownFileType = sourcecode.swift; path = main.swift; sourceTree = "<group>"; };
		B8B653BA21496FE300C809E0 /* AdvanceSwift_03 */ = {isa = PBXFileReference; explicitFileType = "compiled.mach-o.executable"; includeInIndex = 0; path = AdvanceSwift_03; sourceTree = BUILT_PRODUCTS_DIR; };
		B8B653BC21496FE300C809E0 /* main.swift */ = {isa = PBXFileReference; lastKnownFileType = sourcecode.swift; path = main.swift; sourceTree = "<group>"; };
		B8B653C52152957F00C809E0 /* AdvanceSwift_04 */ = {isa = PBXFileReference; explicitFileType = "compiled.mach-o.executable"; includeInIndex = 0; path = AdvanceSwift_04; sourceTree = BUILT_PRODUCTS_DIR; };
		B8B653C72152957F00C809E0 /* main.swift */ = {isa = PBXFileReference; lastKnownFileType = sourcecode.swift; path = main.swift; sourceTree = "<group>"; };
		B8B653D0215541AE00C809E0 /* AdvanceSwift_05 */ = {isa = PBXFileReference; explicitFileType = "compiled.mach-o.executable"; includeInIndex = 0; path = AdvanceSwift_05; sourceTree = BUILT_PRODUCTS_DIR; };
		B8B653D2215541AE00C809E0 /* main.swift */ = {isa = PBXFileReference; lastKnownFileType = sourcecode.swift; path = main.swift; sourceTree = "<group>"; };
		B8E1DC1621CD3AF400B06277 /* AdvanceSwift_13 */ = {isa = PBXFileReference; explicitFileType = "compiled.mach-o.executable"; includeInIndex = 0; path = AdvanceSwift_13; sourceTree = BUILT_PRODUCTS_DIR; };
		B8E1DC1821CD3AF400B06277 /* main.swift */ = {isa = PBXFileReference; lastKnownFileType = sourcecode.swift; path = main.swift; sourceTree = "<group>"; };
		B8FF55E4216D05180054F133 /* AdvanceSwift_07 */ = {isa = PBXFileReference; explicitFileType = "compiled.mach-o.executable"; includeInIndex = 0; path = AdvanceSwift_07; sourceTree = BUILT_PRODUCTS_DIR; };
		B8FF55E6216D05180054F133 /* main.swift */ = {isa = PBXFileReference; lastKnownFileType = sourcecode.swift; path = main.swift; sourceTree = "<group>"; };
		B8FF55EF2174E1560054F133 /* AdvanceSwift_08 */ = {isa = PBXFileReference; explicitFileType = "compiled.mach-o.executable"; includeInIndex = 0; path = AdvanceSwift_08; sourceTree = BUILT_PRODUCTS_DIR; };
		B8FF55F12174E1560054F133 /* main.swift */ = {isa = PBXFileReference; lastKnownFileType = sourcecode.swift; path = main.swift; sourceTree = "<group>"; };
/* End PBXFileReference section */

/* Begin PBXFrameworksBuildPhase section */
		B825855921E3A9BC004845A6 /* Frameworks */ = {
			isa = PBXFrameworksBuildPhase;
			buildActionMask = 2147483647;
			files = (
			);
			runOnlyForDeploymentPostprocessing = 0;
		};
		B82C385C2185E57E00A3D008 /* Frameworks */ = {
			isa = PBXFrameworksBuildPhase;
			buildActionMask = 2147483647;
			files = (
			);
			runOnlyForDeploymentPostprocessing = 0;
		};
		B83D2F40213C2C960059E99D /* Frameworks */ = {
			isa = PBXFrameworksBuildPhase;
			buildActionMask = 2147483647;
			files = (
			);
			runOnlyForDeploymentPostprocessing = 0;
		};
		B83D2F4E2142CB2C0059E99D /* Frameworks */ = {
			isa = PBXFrameworksBuildPhase;
			buildActionMask = 2147483647;
			files = (
			);
			runOnlyForDeploymentPostprocessing = 0;
		};
		B893CE6D219C7A2300E265C5 /* Frameworks */ = {
			isa = PBXFrameworksBuildPhase;
			buildActionMask = 2147483647;
			files = (
			);
			runOnlyForDeploymentPostprocessing = 0;
		};
		B893CE78219DBA7000E265C5 /* Frameworks */ = {
			isa = PBXFrameworksBuildPhase;
			buildActionMask = 2147483647;
			files = (
			);
			runOnlyForDeploymentPostprocessing = 0;
		};
		B8AED9AC219096B70030AE59 /* Frameworks */ = {
			isa = PBXFrameworksBuildPhase;
			buildActionMask = 2147483647;
			files = (
			);
			runOnlyForDeploymentPostprocessing = 0;
		};
		B8B653B721496FE300C809E0 /* Frameworks */ = {
			isa = PBXFrameworksBuildPhase;
			buildActionMask = 2147483647;
			files = (
			);
			runOnlyForDeploymentPostprocessing = 0;
		};
		B8B653C22152957F00C809E0 /* Frameworks */ = {
			isa = PBXFrameworksBuildPhase;
			buildActionMask = 2147483647;
			files = (
			);
			runOnlyForDeploymentPostprocessing = 0;
		};
		B8B653CD215541AE00C809E0 /* Frameworks */ = {
			isa = PBXFrameworksBuildPhase;
			buildActionMask = 2147483647;
			files = (
			);
			runOnlyForDeploymentPostprocessing = 0;
		};
		B8E1DC1321CD3AF400B06277 /* Frameworks */ = {
			isa = PBXFrameworksBuildPhase;
			buildActionMask = 2147483647;
			files = (
			);
			runOnlyForDeploymentPostprocessing = 0;
		};
		B8FF55E1216D05180054F133 /* Frameworks */ = {
			isa = PBXFrameworksBuildPhase;
			buildActionMask = 2147483647;
			files = (
			);
			runOnlyForDeploymentPostprocessing = 0;
		};
		B8FF55EC2174E1560054F133 /* Frameworks */ = {
			isa = PBXFrameworksBuildPhase;
			buildActionMask = 2147483647;
			files = (
			);
			runOnlyForDeploymentPostprocessing = 0;
		};
/* End PBXFrameworksBuildPhase section */

/* Begin PBXGroup section */
		B825855D21E3A9BC004845A6 /* AdvanceSwift_14 */ = {
			isa = PBXGroup;
			children = (
				B825855E21E3A9BC004845A6 /* main.swift */,
			);
			path = AdvanceSwift_14;
			sourceTree = "<group>";
		};
		B82C38602185E57E00A3D008 /* AdvanceSwift_09 */ = {
			isa = PBXGroup;
			children = (
				B82C38612185E57E00A3D008 /* main.swift */,
			);
			path = AdvanceSwift_09;
			sourceTree = "<group>";
		};
		B83D2F3A213C2C960059E99D = {
			isa = PBXGroup;
			children = (
				B83D2F45213C2C960059E99D /* AdvanceSwift */,
				B83D2F522142CB2C0059E99D /* AdvanceSwift_02 */,
				B8B653BB21496FE300C809E0 /* AdvanceSwift_03 */,
				B8B653C62152957F00C809E0 /* AdvanceSwift_04 */,
				B8B653D1215541AE00C809E0 /* AdvanceSwift_05 */,
				B8FF55E5216D05180054F133 /* AdvanceSwift_07 */,
				B8FF55F02174E1560054F133 /* AdvanceSwift_08 */,
				B82C38602185E57E00A3D008 /* AdvanceSwift_09 */,
				B8AED9B0219096B70030AE59 /* AdvanceSwift_10 */,
				B893CE71219C7A2300E265C5 /* AdvanceSwift_11 */,
				B893CE7C219DBA7000E265C5 /* AdvanceSwift_12 */,
				B8E1DC1721CD3AF400B06277 /* AdvanceSwift_13 */,
				B825855D21E3A9BC004845A6 /* AdvanceSwift_14 */,
				B83D2F44213C2C960059E99D /* Products */,
			);
			sourceTree = "<group>";
		};
		B83D2F44213C2C960059E99D /* Products */ = {
			isa = PBXGroup;
			children = (
				B83D2F43213C2C960059E99D /* AdvanceSwift */,
				B83D2F512142CB2C0059E99D /* AdvanceSwift_02 */,
				B8B653BA21496FE300C809E0 /* AdvanceSwift_03 */,
				B8B653C52152957F00C809E0 /* AdvanceSwift_04 */,
				B8B653D0215541AE00C809E0 /* AdvanceSwift_05 */,
				B8FF55E4216D05180054F133 /* AdvanceSwift_07 */,
				B8FF55EF2174E1560054F133 /* AdvanceSwift_08 */,
				B82C385F2185E57E00A3D008 /* AdvanceSwift_09 */,
				B8AED9AF219096B70030AE59 /* AdvanceSwift_10 */,
				B893CE70219C7A2300E265C5 /* AdvanceSwift_11 */,
				B893CE7B219DBA7000E265C5 /* AdvanceSwift_12 */,
				B8E1DC1621CD3AF400B06277 /* AdvanceSwift_13 */,
				B825855C21E3A9BC004845A6 /* AdvanceSwift_14 */,
			);
			name = Products;
			sourceTree = "<group>";
		};
		B83D2F45213C2C960059E99D /* AdvanceSwift */ = {
			isa = PBXGroup;
			children = (
				B83D2F46213C2C960059E99D /* main.swift */,
			);
			path = AdvanceSwift;
			sourceTree = "<group>";
		};
		B83D2F522142CB2C0059E99D /* AdvanceSwift_02 */ = {
			isa = PBXGroup;
			children = (
				B83D2F532142CB2C0059E99D /* main.swift */,
			);
			path = AdvanceSwift_02;
			sourceTree = "<group>";
		};
		B893CE71219C7A2300E265C5 /* AdvanceSwift_11 */ = {
			isa = PBXGroup;
			children = (
				B893CE72219C7A2300E265C5 /* main.swift */,
			);
			path = AdvanceSwift_11;
			sourceTree = "<group>";
		};
		B893CE7C219DBA7000E265C5 /* AdvanceSwift_12 */ = {
			isa = PBXGroup;
			children = (
				B893CE7D219DBA7000E265C5 /* main.swift */,
			);
			path = AdvanceSwift_12;
			sourceTree = "<group>";
		};
		B8AED9B0219096B70030AE59 /* AdvanceSwift_10 */ = {
			isa = PBXGroup;
			children = (
				B8AED9B1219096B70030AE59 /* main.swift */,
			);
			path = AdvanceSwift_10;
			sourceTree = "<group>";
		};
		B8B653BB21496FE300C809E0 /* AdvanceSwift_03 */ = {
			isa = PBXGroup;
			children = (
				B8B653BC21496FE300C809E0 /* main.swift */,
			);
			path = AdvanceSwift_03;
			sourceTree = "<group>";
		};
		B8B653C62152957F00C809E0 /* AdvanceSwift_04 */ = {
			isa = PBXGroup;
			children = (
				B8B653C72152957F00C809E0 /* main.swift */,
			);
			path = AdvanceSwift_04;
			sourceTree = "<group>";
		};
		B8B653D1215541AE00C809E0 /* AdvanceSwift_05 */ = {
			isa = PBXGroup;
			children = (
				B8B653D2215541AE00C809E0 /* main.swift */,
			);
			path = AdvanceSwift_05;
			sourceTree = "<group>";
		};
		B8E1DC1721CD3AF400B06277 /* AdvanceSwift_13 */ = {
			isa = PBXGroup;
			children = (
				B8E1DC1821CD3AF400B06277 /* main.swift */,
			);
			path = AdvanceSwift_13;
			sourceTree = "<group>";
		};
		B8FF55E5216D05180054F133 /* AdvanceSwift_07 */ = {
			isa = PBXGroup;
			children = (
				B8FF55E6216D05180054F133 /* main.swift */,
			);
			path = AdvanceSwift_07;
			sourceTree = "<group>";
		};
		B8FF55F02174E1560054F133 /* AdvanceSwift_08 */ = {
			isa = PBXGroup;
			children = (
				B8FF55F12174E1560054F133 /* main.swift */,
			);
			path = AdvanceSwift_08;
			sourceTree = "<group>";
		};
/* End PBXGroup section */

/* Begin PBXNativeTarget section */
		B825855B21E3A9BC004845A6 /* AdvanceSwift_14 */ = {
			isa = PBXNativeTarget;
			buildConfigurationList = B825856221E3A9BC004845A6 /* Build configuration list for PBXNativeTarget "AdvanceSwift_14" */;
			buildPhases = (
				B825855821E3A9BC004845A6 /* Sources */,
				B825855921E3A9BC004845A6 /* Frameworks */,
				B825855A21E3A9BC004845A6 /* CopyFiles */,
			);
			buildRules = (
			);
			dependencies = (
			);
			name = AdvanceSwift_14;
			productName = AdvanceSwift_14;
			productReference = B825855C21E3A9BC004845A6 /* AdvanceSwift_14 */;
			productType = "com.apple.product-type.tool";
		};
		B82C385E2185E57E00A3D008 /* AdvanceSwift_09 */ = {
			isa = PBXNativeTarget;
			buildConfigurationList = B82C38652185E57E00A3D008 /* Build configuration list for PBXNativeTarget "AdvanceSwift_09" */;
			buildPhases = (
				B82C385B2185E57E00A3D008 /* Sources */,
				B82C385C2185E57E00A3D008 /* Frameworks */,
				B82C385D2185E57E00A3D008 /* CopyFiles */,
			);
			buildRules = (
			);
			dependencies = (
			);
			name = AdvanceSwift_09;
			productName = AdvanceSwift_09;
			productReference = B82C385F2185E57E00A3D008 /* AdvanceSwift_09 */;
			productType = "com.apple.product-type.tool";
		};
		B83D2F42213C2C960059E99D /* AdvanceSwift */ = {
			isa = PBXNativeTarget;
			buildConfigurationList = B83D2F4A213C2C960059E99D /* Build configuration list for PBXNativeTarget "AdvanceSwift" */;
			buildPhases = (
				B83D2F3F213C2C960059E99D /* Sources */,
				B83D2F40213C2C960059E99D /* Frameworks */,
				B83D2F41213C2C960059E99D /* CopyFiles */,
			);
			buildRules = (
			);
			dependencies = (
			);
			name = AdvanceSwift;
			productName = AdvanceSwift;
			productReference = B83D2F43213C2C960059E99D /* AdvanceSwift */;
			productType = "com.apple.product-type.tool";
		};
		B83D2F502142CB2C0059E99D /* AdvanceSwift_02 */ = {
			isa = PBXNativeTarget;
			buildConfigurationList = B83D2F552142CB2C0059E99D /* Build configuration list for PBXNativeTarget "AdvanceSwift_02" */;
			buildPhases = (
				B83D2F4D2142CB2C0059E99D /* Sources */,
				B83D2F4E2142CB2C0059E99D /* Frameworks */,
				B83D2F4F2142CB2C0059E99D /* CopyFiles */,
			);
			buildRules = (
			);
			dependencies = (
			);
			name = AdvanceSwift_02;
			productName = AdvanceSwift_02;
			productReference = B83D2F512142CB2C0059E99D /* AdvanceSwift_02 */;
			productType = "com.apple.product-type.tool";
		};
		B893CE6F219C7A2300E265C5 /* AdvanceSwift_11 */ = {
			isa = PBXNativeTarget;
			buildConfigurationList = B893CE76219C7A2300E265C5 /* Build configuration list for PBXNativeTarget "AdvanceSwift_11" */;
			buildPhases = (
				B893CE6C219C7A2300E265C5 /* Sources */,
				B893CE6D219C7A2300E265C5 /* Frameworks */,
				B893CE6E219C7A2300E265C5 /* CopyFiles */,
			);
			buildRules = (
			);
			dependencies = (
			);
			name = AdvanceSwift_11;
			productName = AdvanceSwift_11;
			productReference = B893CE70219C7A2300E265C5 /* AdvanceSwift_11 */;
			productType = "com.apple.product-type.tool";
		};
		B893CE7A219DBA7000E265C5 /* AdvanceSwift_12 */ = {
			isa = PBXNativeTarget;
			buildConfigurationList = B893CE7F219DBA7000E265C5 /* Build configuration list for PBXNativeTarget "AdvanceSwift_12" */;
			buildPhases = (
				B893CE77219DBA7000E265C5 /* Sources */,
				B893CE78219DBA7000E265C5 /* Frameworks */,
				B893CE79219DBA7000E265C5 /* CopyFiles */,
			);
			buildRules = (
			);
			dependencies = (
			);
			name = AdvanceSwift_12;
			productName = AdvanceSwift_12;
			productReference = B893CE7B219DBA7000E265C5 /* AdvanceSwift_12 */;
			productType = "com.apple.product-type.tool";
		};
		B8AED9AE219096B70030AE59 /* AdvanceSwift_10 */ = {
			isa = PBXNativeTarget;
			buildConfigurationList = B8AED9B5219096B70030AE59 /* Build configuration list for PBXNativeTarget "AdvanceSwift_10" */;
			buildPhases = (
				B8AED9AB219096B70030AE59 /* Sources */,
				B8AED9AC219096B70030AE59 /* Frameworks */,
				B8AED9AD219096B70030AE59 /* CopyFiles */,
			);
			buildRules = (
			);
			dependencies = (
			);
			name = AdvanceSwift_10;
			productName = AdvanceSwift_10;
			productReference = B8AED9AF219096B70030AE59 /* AdvanceSwift_10 */;
			productType = "com.apple.product-type.tool";
		};
		B8B653B921496FE300C809E0 /* AdvanceSwift_03 */ = {
			isa = PBXNativeTarget;
			buildConfigurationList = B8B653C021496FE300C809E0 /* Build configuration list for PBXNativeTarget "AdvanceSwift_03" */;
			buildPhases = (
				B8B653B621496FE300C809E0 /* Sources */,
				B8B653B721496FE300C809E0 /* Frameworks */,
				B8B653B821496FE300C809E0 /* CopyFiles */,
			);
			buildRules = (
			);
			dependencies = (
			);
			name = AdvanceSwift_03;
			productName = AdvanceSwift_03;
			productReference = B8B653BA21496FE300C809E0 /* AdvanceSwift_03 */;
			productType = "com.apple.product-type.tool";
		};
		B8B653C42152957F00C809E0 /* AdvanceSwift_04 */ = {
			isa = PBXNativeTarget;
			buildConfigurationList = B8B653C92152957F00C809E0 /* Build configuration list for PBXNativeTarget "AdvanceSwift_04" */;
			buildPhases = (
				B8B653C12152957F00C809E0 /* Sources */,
				B8B653C22152957F00C809E0 /* Frameworks */,
				B8B653C32152957F00C809E0 /* CopyFiles */,
			);
			buildRules = (
			);
			dependencies = (
			);
			name = AdvanceSwift_04;
			productName = AdvanceSwift_04;
			productReference = B8B653C52152957F00C809E0 /* AdvanceSwift_04 */;
			productType = "com.apple.product-type.tool";
		};
		B8B653CF215541AE00C809E0 /* AdvanceSwift_05 */ = {
			isa = PBXNativeTarget;
			buildConfigurationList = B8B653D4215541AE00C809E0 /* Build configuration list for PBXNativeTarget "AdvanceSwift_05" */;
			buildPhases = (
				B8B653CC215541AE00C809E0 /* Sources */,
				B8B653CD215541AE00C809E0 /* Frameworks */,
				B8B653CE215541AE00C809E0 /* CopyFiles */,
			);
			buildRules = (
			);
			dependencies = (
			);
			name = AdvanceSwift_05;
			productName = AdvanceSwift_05;
			productReference = B8B653D0215541AE00C809E0 /* AdvanceSwift_05 */;
			productType = "com.apple.product-type.tool";
		};
		B8E1DC1521CD3AF400B06277 /* AdvanceSwift_13 */ = {
			isa = PBXNativeTarget;
			buildConfigurationList = B8E1DC1C21CD3AF400B06277 /* Build configuration list for PBXNativeTarget "AdvanceSwift_13" */;
			buildPhases = (
				B8E1DC1221CD3AF400B06277 /* Sources */,
				B8E1DC1321CD3AF400B06277 /* Frameworks */,
				B8E1DC1421CD3AF400B06277 /* CopyFiles */,
			);
			buildRules = (
			);
			dependencies = (
			);
			name = AdvanceSwift_13;
			productName = AdvanceSwift_13;
			productReference = B8E1DC1621CD3AF400B06277 /* AdvanceSwift_13 */;
			productType = "com.apple.product-type.tool";
		};
		B8FF55E3216D05180054F133 /* AdvanceSwift_07 */ = {
			isa = PBXNativeTarget;
			buildConfigurationList = B8FF55EA216D05180054F133 /* Build configuration list for PBXNativeTarget "AdvanceSwift_07" */;
			buildPhases = (
				B8FF55E0216D05180054F133 /* Sources */,
				B8FF55E1216D05180054F133 /* Frameworks */,
				B8FF55E2216D05180054F133 /* CopyFiles */,
			);
			buildRules = (
			);
			dependencies = (
			);
			name = AdvanceSwift_07;
			productName = AdvanceSwift_07;
			productReference = B8FF55E4216D05180054F133 /* AdvanceSwift_07 */;
			productType = "com.apple.product-type.tool";
		};
		B8FF55EE2174E1560054F133 /* AdvanceSwift_08 */ = {
			isa = PBXNativeTarget;
			buildConfigurationList = B8FF55F32174E1560054F133 /* Build configuration list for PBXNativeTarget "AdvanceSwift_08" */;
			buildPhases = (
				B8FF55EB2174E1560054F133 /* Sources */,
				B8FF55EC2174E1560054F133 /* Frameworks */,
				B8FF55ED2174E1560054F133 /* CopyFiles */,
			);
			buildRules = (
			);
			dependencies = (
			);
			name = AdvanceSwift_08;
			productName = AdvanceSwift_08;
			productReference = B8FF55EF2174E1560054F133 /* AdvanceSwift_08 */;
			productType = "com.apple.product-type.tool";
		};
/* End PBXNativeTarget section */

/* Begin PBXProject section */
		B83D2F3B213C2C960059E99D /* Project object */ = {
			isa = PBXProject;
			attributes = {
				LastSwiftUpdateCheck = 1010;
				LastUpgradeCheck = 0940;
				ORGANIZATIONNAME = none;
				TargetAttributes = {
					B825855B21E3A9BC004845A6 = {
						CreatedOnToolsVersion = 10.1;
					};
					B82C385E2185E57E00A3D008 = {
						CreatedOnToolsVersion = 10.0;
					};
					B83D2F42213C2C960059E99D = {
						CreatedOnToolsVersion = 9.4.1;
					};
					B83D2F502142CB2C0059E99D = {
						CreatedOnToolsVersion = 9.4.1;
					};
					B893CE6F219C7A2300E265C5 = {
						CreatedOnToolsVersion = 10.1;
					};
					B893CE7A219DBA7000E265C5 = {
						CreatedOnToolsVersion = 10.1;
					};
					B8AED9AE219096B70030AE59 = {
						CreatedOnToolsVersion = 10.0;
					};
					B8B653B921496FE300C809E0 = {
						CreatedOnToolsVersion = 9.4.1;
					};
					B8B653C42152957F00C809E0 = {
						CreatedOnToolsVersion = 9.4.1;
					};
					B8B653CF215541AE00C809E0 = {
						CreatedOnToolsVersion = 9.4.1;
					};
					B8E1DC1521CD3AF400B06277 = {
						CreatedOnToolsVersion = 10.1;
					};
					B8FF55E3216D05180054F133 = {
						CreatedOnToolsVersion = 10.0;
					};
					B8FF55EE2174E1560054F133 = {
						CreatedOnToolsVersion = 10.0;
					};
				};
			};
			buildConfigurationList = B83D2F3E213C2C960059E99D /* Build configuration list for PBXProject "AdvanceSwift" */;
			compatibilityVersion = "Xcode 9.3";
			developmentRegion = en;
			hasScannedForEncodings = 0;
			knownRegions = (
				en,
			);
			mainGroup = B83D2F3A213C2C960059E99D;
			productRefGroup = B83D2F44213C2C960059E99D /* Products */;
			projectDirPath = "";
			projectRoot = "";
			targets = (
				B83D2F42213C2C960059E99D /* AdvanceSwift */,
				B83D2F502142CB2C0059E99D /* AdvanceSwift_02 */,
				B8B653B921496FE300C809E0 /* AdvanceSwift_03 */,
				B8B653C42152957F00C809E0 /* AdvanceSwift_04 */,
				B8B653CF215541AE00C809E0 /* AdvanceSwift_05 */,
				B8FF55E3216D05180054F133 /* AdvanceSwift_07 */,
				B8FF55EE2174E1560054F133 /* AdvanceSwift_08 */,
				B82C385E2185E57E00A3D008 /* AdvanceSwift_09 */,
				B8AED9AE219096B70030AE59 /* AdvanceSwift_10 */,
				B893CE6F219C7A2300E265C5 /* AdvanceSwift_11 */,
				B893CE7A219DBA7000E265C5 /* AdvanceSwift_12 */,
				B8E1DC1521CD3AF400B06277 /* AdvanceSwift_13 */,
				B825855B21E3A9BC004845A6 /* AdvanceSwift_14 */,
			);
		};
/* End PBXProject section */

/* Begin PBXSourcesBuildPhase section */
		B825855821E3A9BC004845A6 /* Sources */ = {
			isa = PBXSourcesBuildPhase;
			buildActionMask = 2147483647;
			files = (
				B825855F21E3A9BC004845A6 /* main.swift in Sources */,
			);
			runOnlyForDeploymentPostprocessing = 0;
		};
		B82C385B2185E57E00A3D008 /* Sources */ = {
			isa = PBXSourcesBuildPhase;
			buildActionMask = 2147483647;
			files = (
				B82C38622185E57E00A3D008 /* main.swift in Sources */,
			);
			runOnlyForDeploymentPostprocessing = 0;
		};
		B83D2F3F213C2C960059E99D /* Sources */ = {
			isa = PBXSourcesBuildPhase;
			buildActionMask = 2147483647;
			files = (
				B83D2F47213C2C960059E99D /* main.swift in Sources */,
			);
			runOnlyForDeploymentPostprocessing = 0;
		};
		B83D2F4D2142CB2C0059E99D /* Sources */ = {
			isa = PBXSourcesBuildPhase;
			buildActionMask = 2147483647;
			files = (
				B83D2F542142CB2C0059E99D /* main.swift in Sources */,
			);
			runOnlyForDeploymentPostprocessing = 0;
		};
		B893CE6C219C7A2300E265C5 /* Sources */ = {
			isa = PBXSourcesBuildPhase;
			buildActionMask = 2147483647;
			files = (
				B893CE73219C7A2300E265C5 /* main.swift in Sources */,
			);
			runOnlyForDeploymentPostprocessing = 0;
		};
		B893CE77219DBA7000E265C5 /* Sources */ = {
			isa = PBXSourcesBuildPhase;
			buildActionMask = 2147483647;
			files = (
				B893CE7E219DBA7000E265C5 /* main.swift in Sources */,
			);
			runOnlyForDeploymentPostprocessing = 0;
		};
		B8AED9AB219096B70030AE59 /* Sources */ = {
			isa = PBXSourcesBuildPhase;
			buildActionMask = 2147483647;
			files = (
				B8AED9B2219096B70030AE59 /* main.swift in Sources */,
			);
			runOnlyForDeploymentPostprocessing = 0;
		};
		B8B653B621496FE300C809E0 /* Sources */ = {
			isa = PBXSourcesBuildPhase;
			buildActionMask = 2147483647;
			files = (
				B8B653BD21496FE300C809E0 /* main.swift in Sources */,
			);
			runOnlyForDeploymentPostprocessing = 0;
		};
		B8B653C12152957F00C809E0 /* Sources */ = {
			isa = PBXSourcesBuildPhase;
			buildActionMask = 2147483647;
			files = (
				B8B653C82152957F00C809E0 /* main.swift in Sources */,
			);
			runOnlyForDeploymentPostprocessing = 0;
		};
		B8B653CC215541AE00C809E0 /* Sources */ = {
			isa = PBXSourcesBuildPhase;
			buildActionMask = 2147483647;
			files = (
				B8B653D3215541AE00C809E0 /* main.swift in Sources */,
			);
			runOnlyForDeploymentPostprocessing = 0;
		};
		B8E1DC1221CD3AF400B06277 /* Sources */ = {
			isa = PBXSourcesBuildPhase;
			buildActionMask = 2147483647;
			files = (
				B8E1DC1921CD3AF400B06277 /* main.swift in Sources */,
			);
			runOnlyForDeploymentPostprocessing = 0;
		};
		B8FF55E0216D05180054F133 /* Sources */ = {
			isa = PBXSourcesBuildPhase;
			buildActionMask = 2147483647;
			files = (
				B8FF55E7216D05180054F133 /* main.swift in Sources */,
			);
			runOnlyForDeploymentPostprocessing = 0;
		};
		B8FF55EB2174E1560054F133 /* Sources */ = {
			isa = PBXSourcesBuildPhase;
			buildActionMask = 2147483647;
			files = (
				B8FF55F22174E1560054F133 /* main.swift in Sources */,
			);
			runOnlyForDeploymentPostprocessing = 0;
		};
/* End PBXSourcesBuildPhase section */

/* Begin XCBuildConfiguration section */
		B825856021E3A9BC004845A6 /* Debug */ = {
			isa = XCBuildConfiguration;
			buildSettings = {
				CODE_SIGN_STYLE = Automatic;
				MACOSX_DEPLOYMENT_TARGET = 10.14;
				MTL_ENABLE_DEBUG_INFO = INCLUDE_SOURCE;
				MTL_FAST_MATH = YES;
				PRODUCT_NAME = "$(TARGET_NAME)";
				SWIFT_VERSION = 4.2;
			};
			name = Debug;
		};
		B825856121E3A9BC004845A6 /* Release */ = {
			isa = XCBuildConfiguration;
			buildSettings = {
				CODE_SIGN_STYLE = Automatic;
				MACOSX_DEPLOYMENT_TARGET = 10.14;
				MTL_FAST_MATH = YES;
				PRODUCT_NAME = "$(TARGET_NAME)";
				SWIFT_VERSION = 4.2;
			};
			name = Release;
		};
		B82C38632185E57E00A3D008 /* Debug */ = {
			isa = XCBuildConfiguration;
			buildSettings = {
				CODE_SIGN_STYLE = Automatic;
				MACOSX_DEPLOYMENT_TARGET = 10.14;
				MTL_ENABLE_DEBUG_INFO = INCLUDE_SOURCE;
				MTL_FAST_MATH = YES;
				PRODUCT_NAME = "$(TARGET_NAME)";
				SWIFT_VERSION = 4.2;
			};
			name = Debug;
		};
		B82C38642185E57E00A3D008 /* Release */ = {
			isa = XCBuildConfiguration;
			buildSettings = {
				CODE_SIGN_STYLE = Automatic;
				MACOSX_DEPLOYMENT_TARGET = 10.14;
				MTL_FAST_MATH = YES;
				PRODUCT_NAME = "$(TARGET_NAME)";
				SWIFT_VERSION = 4.2;
			};
			name = Release;
		};
		B83D2F48213C2C960059E99D /* Debug */ = {
			isa = XCBuildConfiguration;
			buildSettings = {
				ALWAYS_SEARCH_USER_PATHS = NO;
				CLANG_ANALYZER_NONNULL = YES;
				CLANG_ANALYZER_NUMBER_OBJECT_CONVERSION = YES_AGGRESSIVE;
				CLANG_CXX_LANGUAGE_STANDARD = "gnu++14";
				CLANG_CXX_LIBRARY = "libc++";
				CLANG_ENABLE_MODULES = YES;
				CLANG_ENABLE_OBJC_ARC = YES;
				CLANG_ENABLE_OBJC_WEAK = YES;
				CLANG_WARN_BLOCK_CAPTURE_AUTORELEASING = YES;
				CLANG_WARN_BOOL_CONVERSION = YES;
				CLANG_WARN_COMMA = YES;
				CLANG_WARN_CONSTANT_CONVERSION = YES;
				CLANG_WARN_DEPRECATED_OBJC_IMPLEMENTATIONS = YES;
				CLANG_WARN_DIRECT_OBJC_ISA_USAGE = YES_ERROR;
				CLANG_WARN_DOCUMENTATION_COMMENTS = YES;
				CLANG_WARN_EMPTY_BODY = YES;
				CLANG_WARN_ENUM_CONVERSION = YES;
				CLANG_WARN_INFINITE_RECURSION = YES;
				CLANG_WARN_INT_CONVERSION = YES;
				CLANG_WARN_NON_LITERAL_NULL_CONVERSION = YES;
				CLANG_WARN_OBJC_IMPLICIT_RETAIN_SELF = YES;
				CLANG_WARN_OBJC_LITERAL_CONVERSION = YES;
				CLANG_WARN_OBJC_ROOT_CLASS = YES_ERROR;
				CLANG_WARN_RANGE_LOOP_ANALYSIS = YES;
				CLANG_WARN_STRICT_PROTOTYPES = YES;
				CLANG_WARN_SUSPICIOUS_MOVE = YES;
				CLANG_WARN_UNGUARDED_AVAILABILITY = YES_AGGRESSIVE;
				CLANG_WARN_UNREACHABLE_CODE = YES;
				CLANG_WARN__DUPLICATE_METHOD_MATCH = YES;
				CODE_SIGN_IDENTITY = "-";
				COPY_PHASE_STRIP = NO;
				DEBUG_INFORMATION_FORMAT = dwarf;
				ENABLE_STRICT_OBJC_MSGSEND = YES;
				ENABLE_TESTABILITY = YES;
				GCC_C_LANGUAGE_STANDARD = gnu11;
				GCC_DYNAMIC_NO_PIC = NO;
				GCC_NO_COMMON_BLOCKS = YES;
				GCC_OPTIMIZATION_LEVEL = 0;
				GCC_PREPROCESSOR_DEFINITIONS = (
					"DEBUG=1",
					"$(inherited)",
				);
				GCC_WARN_64_TO_32_BIT_CONVERSION = YES;
				GCC_WARN_ABOUT_RETURN_TYPE = YES_ERROR;
				GCC_WARN_UNDECLARED_SELECTOR = YES;
				GCC_WARN_UNINITIALIZED_AUTOS = YES_AGGRESSIVE;
				GCC_WARN_UNUSED_FUNCTION = YES;
				GCC_WARN_UNUSED_VARIABLE = YES;
				MACOSX_DEPLOYMENT_TARGET = 10.13;
				MTL_ENABLE_DEBUG_INFO = YES;
				ONLY_ACTIVE_ARCH = YES;
				SDKROOT = macosx;
				SWIFT_ACTIVE_COMPILATION_CONDITIONS = DEBUG;
				SWIFT_OPTIMIZATION_LEVEL = "-Onone";
			};
			name = Debug;
		};
		B83D2F49213C2C960059E99D /* Release */ = {
			isa = XCBuildConfiguration;
			buildSettings = {
				ALWAYS_SEARCH_USER_PATHS = NO;
				CLANG_ANALYZER_NONNULL = YES;
				CLANG_ANALYZER_NUMBER_OBJECT_CONVERSION = YES_AGGRESSIVE;
				CLANG_CXX_LANGUAGE_STANDARD = "gnu++14";
				CLANG_CXX_LIBRARY = "libc++";
				CLANG_ENABLE_MODULES = YES;
				CLANG_ENABLE_OBJC_ARC = YES;
				CLANG_ENABLE_OBJC_WEAK = YES;
				CLANG_WARN_BLOCK_CAPTURE_AUTORELEASING = YES;
				CLANG_WARN_BOOL_CONVERSION = YES;
				CLANG_WARN_COMMA = YES;
				CLANG_WARN_CONSTANT_CONVERSION = YES;
				CLANG_WARN_DEPRECATED_OBJC_IMPLEMENTATIONS = YES;
				CLANG_WARN_DIRECT_OBJC_ISA_USAGE = YES_ERROR;
				CLANG_WARN_DOCUMENTATION_COMMENTS = YES;
				CLANG_WARN_EMPTY_BODY = YES;
				CLANG_WARN_ENUM_CONVERSION = YES;
				CLANG_WARN_INFINITE_RECURSION = YES;
				CLANG_WARN_INT_CONVERSION = YES;
				CLANG_WARN_NON_LITERAL_NULL_CONVERSION = YES;
				CLANG_WARN_OBJC_IMPLICIT_RETAIN_SELF = YES;
				CLANG_WARN_OBJC_LITERAL_CONVERSION = YES;
				CLANG_WARN_OBJC_ROOT_CLASS = YES_ERROR;
				CLANG_WARN_RANGE_LOOP_ANALYSIS = YES;
				CLANG_WARN_STRICT_PROTOTYPES = YES;
				CLANG_WARN_SUSPICIOUS_MOVE = YES;
				CLANG_WARN_UNGUARDED_AVAILABILITY = YES_AGGRESSIVE;
				CLANG_WARN_UNREACHABLE_CODE = YES;
				CLANG_WARN__DUPLICATE_METHOD_MATCH = YES;
				CODE_SIGN_IDENTITY = "-";
				COPY_PHASE_STRIP = NO;
				DEBUG_INFORMATION_FORMAT = "dwarf-with-dsym";
				ENABLE_NS_ASSERTIONS = NO;
				ENABLE_STRICT_OBJC_MSGSEND = YES;
				GCC_C_LANGUAGE_STANDARD = gnu11;
				GCC_NO_COMMON_BLOCKS = YES;
				GCC_WARN_64_TO_32_BIT_CONVERSION = YES;
				GCC_WARN_ABOUT_RETURN_TYPE = YES_ERROR;
				GCC_WARN_UNDECLARED_SELECTOR = YES;
				GCC_WARN_UNINITIALIZED_AUTOS = YES_AGGRESSIVE;
				GCC_WARN_UNUSED_FUNCTION = YES;
				GCC_WARN_UNUSED_VARIABLE = YES;
				MACOSX_DEPLOYMENT_TARGET = 10.13;
				MTL_ENABLE_DEBUG_INFO = NO;
				SDKROOT = macosx;
				SWIFT_COMPILATION_MODE = wholemodule;
				SWIFT_OPTIMIZATION_LEVEL = "-O";
			};
			name = Release;
		};
		B83D2F4B213C2C960059E99D /* Debug */ = {
			isa = XCBuildConfiguration;
			buildSettings = {
				CODE_SIGN_STYLE = Automatic;
				PRODUCT_NAME = "$(TARGET_NAME)";
				SWIFT_VERSION = 4.0;
			};
			name = Debug;
		};
		B83D2F4C213C2C960059E99D /* Release */ = {
			isa = XCBuildConfiguration;
			buildSettings = {
				CODE_SIGN_STYLE = Automatic;
				PRODUCT_NAME = "$(TARGET_NAME)";
				SWIFT_VERSION = 4.0;
			};
			name = Release;
		};
		B83D2F562142CB2C0059E99D /* Debug */ = {
			isa = XCBuildConfiguration;
			buildSettings = {
				CODE_SIGN_STYLE = Automatic;
				PRODUCT_NAME = "$(TARGET_NAME)";
				SWIFT_VERSION = 4.0;
			};
			name = Debug;
		};
		B83D2F572142CB2C0059E99D /* Release */ = {
			isa = XCBuildConfiguration;
			buildSettings = {
				CODE_SIGN_STYLE = Automatic;
				PRODUCT_NAME = "$(TARGET_NAME)";
				SWIFT_VERSION = 4.0;
			};
			name = Release;
		};
		B893CE74219C7A2300E265C5 /* Debug */ = {
			isa = XCBuildConfiguration;
			buildSettings = {
				CODE_SIGN_STYLE = Automatic;
				MACOSX_DEPLOYMENT_TARGET = 10.14;
				MTL_ENABLE_DEBUG_INFO = INCLUDE_SOURCE;
				MTL_FAST_MATH = YES;
				PRODUCT_NAME = "$(TARGET_NAME)";
				SWIFT_VERSION = 4.2;
			};
			name = Debug;
		};
		B893CE75219C7A2300E265C5 /* Release */ = {
			isa = XCBuildConfiguration;
			buildSettings = {
				CODE_SIGN_STYLE = Automatic;
				MACOSX_DEPLOYMENT_TARGET = 10.14;
				MTL_FAST_MATH = YES;
				PRODUCT_NAME = "$(TARGET_NAME)";
				SWIFT_VERSION = 4.2;
			};
			name = Release;
		};
		B893CE80219DBA7000E265C5 /* Debug */ = {
			isa = XCBuildConfiguration;
			buildSettings = {
				CODE_SIGN_STYLE = Automatic;
				MACOSX_DEPLOYMENT_TARGET = 10.14;
				MTL_ENABLE_DEBUG_INFO = INCLUDE_SOURCE;
				MTL_FAST_MATH = YES;
				PRODUCT_NAME = "$(TARGET_NAME)";
				SWIFT_VERSION = 4.2;
			};
			name = Debug;
		};
		B893CE81219DBA7000E265C5 /* Release */ = {
			isa = XCBuildConfiguration;
			buildSettings = {
				CODE_SIGN_STYLE = Automatic;
				MACOSX_DEPLOYMENT_TARGET = 10.14;
				MTL_FAST_MATH = YES;
				PRODUCT_NAME = "$(TARGET_NAME)";
				SWIFT_VERSION = 4.2;
			};
			name = Release;
		};
		B8AED9B3219096B70030AE59 /* Debug */ = {
			isa = XCBuildConfiguration;
			buildSettings = {
				CODE_SIGN_STYLE = Automatic;
				MACOSX_DEPLOYMENT_TARGET = 10.14;
				MTL_ENABLE_DEBUG_INFO = INCLUDE_SOURCE;
				MTL_FAST_MATH = YES;
				PRODUCT_NAME = "$(TARGET_NAME)";
				SWIFT_VERSION = 4.2;
			};
			name = Debug;
		};
		B8AED9B4219096B70030AE59 /* Release */ = {
			isa = XCBuildConfiguration;
			buildSettings = {
				CODE_SIGN_STYLE = Automatic;
				MACOSX_DEPLOYMENT_TARGET = 10.14;
				MTL_FAST_MATH = YES;
				PRODUCT_NAME = "$(TARGET_NAME)";
				SWIFT_VERSION = 4.2;
			};
			name = Release;
		};
		B8B653BE21496FE300C809E0 /* Debug */ = {
			isa = XCBuildConfiguration;
			buildSettings = {
				CODE_SIGN_STYLE = Automatic;
				PRODUCT_NAME = "$(TARGET_NAME)";
				SWIFT_VERSION = 4.0;
			};
			name = Debug;
		};
		B8B653BF21496FE300C809E0 /* Release */ = {
			isa = XCBuildConfiguration;
			buildSettings = {
				CODE_SIGN_STYLE = Automatic;
				PRODUCT_NAME = "$(TARGET_NAME)";
				SWIFT_VERSION = 4.0;
			};
			name = Release;
		};
		B8B653CA2152957F00C809E0 /* Debug */ = {
			isa = XCBuildConfiguration;
			buildSettings = {
				CODE_SIGN_STYLE = Automatic;
				PRODUCT_NAME = "$(TARGET_NAME)";
				SWIFT_VERSION = 4.0;
			};
			name = Debug;
		};
		B8B653CB2152957F00C809E0 /* Release */ = {
			isa = XCBuildConfiguration;
			buildSettings = {
				CODE_SIGN_STYLE = Automatic;
				PRODUCT_NAME = "$(TARGET_NAME)";
				SWIFT_VERSION = 4.0;
			};
			name = Release;
		};
		B8B653D5215541AE00C809E0 /* Debug */ = {
			isa = XCBuildConfiguration;
			buildSettings = {
				CODE_SIGN_STYLE = Automatic;
				PRODUCT_NAME = "$(TARGET_NAME)";
				SWIFT_VERSION = 4.0;
			};
			name = Debug;
		};
		B8B653D6215541AE00C809E0 /* Release */ = {
			isa = XCBuildConfiguration;
			buildSettings = {
				CODE_SIGN_STYLE = Automatic;
				PRODUCT_NAME = "$(TARGET_NAME)";
				SWIFT_VERSION = 4.0;
			};
			name = Release;
		};
		B8E1DC1A21CD3AF400B06277 /* Debug */ = {
			isa = XCBuildConfiguration;
			buildSettings = {
				CODE_SIGN_STYLE = Automatic;
				MACOSX_DEPLOYMENT_TARGET = 10.14;
				MTL_ENABLE_DEBUG_INFO = INCLUDE_SOURCE;
				MTL_FAST_MATH = YES;
				PRODUCT_NAME = "$(TARGET_NAME)";
				SWIFT_VERSION = 4.2;
			};
			name = Debug;
		};
		B8E1DC1B21CD3AF400B06277 /* Release */ = {
			isa = XCBuildConfiguration;
			buildSettings = {
				CODE_SIGN_STYLE = Automatic;
				MACOSX_DEPLOYMENT_TARGET = 10.14;
				MTL_FAST_MATH = YES;
				PRODUCT_NAME = "$(TARGET_NAME)";
				SWIFT_VERSION = 4.2;
			};
			name = Release;
		};
		B8FF55E8216D05180054F133 /* Debug */ = {
			isa = XCBuildConfiguration;
			buildSettings = {
				CODE_SIGN_STYLE = Automatic;
				MACOSX_DEPLOYMENT_TARGET = 10.14;
				MTL_ENABLE_DEBUG_INFO = INCLUDE_SOURCE;
				MTL_FAST_MATH = YES;
				PRODUCT_NAME = "$(TARGET_NAME)";
				SWIFT_VERSION = 4.2;
			};
			name = Debug;
		};
		B8FF55E9216D05180054F133 /* Release */ = {
			isa = XCBuildConfiguration;
			buildSettings = {
				CODE_SIGN_STYLE = Automatic;
				MACOSX_DEPLOYMENT_TARGET = 10.14;
				MTL_FAST_MATH = YES;
				PRODUCT_NAME = "$(TARGET_NAME)";
				SWIFT_VERSION = 4.2;
			};
			name = Release;
		};
		B8FF55F42174E1560054F133 /* Debug */ = {
			isa = XCBuildConfiguration;
			buildSettings = {
				CODE_SIGN_STYLE = Automatic;
				MACOSX_DEPLOYMENT_TARGET = 10.14;
				MTL_ENABLE_DEBUG_INFO = INCLUDE_SOURCE;
				MTL_FAST_MATH = YES;
				PRODUCT_NAME = "$(TARGET_NAME)";
				SWIFT_VERSION = 4.2;
			};
			name = Debug;
		};
		B8FF55F52174E1560054F133 /* Release */ = {
			isa = XCBuildConfiguration;
			buildSettings = {
				CODE_SIGN_STYLE = Automatic;
				MACOSX_DEPLOYMENT_TARGET = 10.14;
				MTL_FAST_MATH = YES;
				PRODUCT_NAME = "$(TARGET_NAME)";
				SWIFT_VERSION = 4.2;
			};
			name = Release;
		};
/* End XCBuildConfiguration section */

/* Begin XCConfigurationList section */
		B825856221E3A9BC004845A6 /* Build configuration list for PBXNativeTarget "AdvanceSwift_14" */ = {
			isa = XCConfigurationList;
			buildConfigurations = (
				B825856021E3A9BC004845A6 /* Debug */,
				B825856121E3A9BC004845A6 /* Release */,
			);
			defaultConfigurationIsVisible = 0;
			defaultConfigurationName = Release;
		};
		B82C38652185E57E00A3D008 /* Build configuration list for PBXNativeTarget "AdvanceSwift_09" */ = {
			isa = XCConfigurationList;
			buildConfigurations = (
				B82C38632185E57E00A3D008 /* Debug */,
				B82C38642185E57E00A3D008 /* Release */,
			);
			defaultConfigurationIsVisible = 0;
			defaultConfigurationName = Release;
		};
		B83D2F3E213C2C960059E99D /* Build configuration list for PBXProject "AdvanceSwift" */ = {
			isa = XCConfigurationList;
			buildConfigurations = (
				B83D2F48213C2C960059E99D /* Debug */,
				B83D2F49213C2C960059E99D /* Release */,
			);
			defaultConfigurationIsVisible = 0;
			defaultConfigurationName = Release;
		};
		B83D2F4A213C2C960059E99D /* Build configuration list for PBXNativeTarget "AdvanceSwift" */ = {
			isa = XCConfigurationList;
			buildConfigurations = (
				B83D2F4B213C2C960059E99D /* Debug */,
				B83D2F4C213C2C960059E99D /* Release */,
			);
			defaultConfigurationIsVisible = 0;
			defaultConfigurationName = Release;
		};
		B83D2F552142CB2C0059E99D /* Build configuration list for PBXNativeTarget "AdvanceSwift_02" */ = {
			isa = XCConfigurationList;
			buildConfigurations = (
				B83D2F562142CB2C0059E99D /* Debug */,
				B83D2F572142CB2C0059E99D /* Release */,
			);
			defaultConfigurationIsVisible = 0;
			defaultConfigurationName = Release;
		};
		B893CE76219C7A2300E265C5 /* Build configuration list for PBXNativeTarget "AdvanceSwift_11" */ = {
			isa = XCConfigurationList;
			buildConfigurations = (
				B893CE74219C7A2300E265C5 /* Debug */,
				B893CE75219C7A2300E265C5 /* Release */,
			);
			defaultConfigurationIsVisible = 0;
			defaultConfigurationName = Release;
		};
		B893CE7F219DBA7000E265C5 /* Build configuration list for PBXNativeTarget "AdvanceSwift_12" */ = {
			isa = XCConfigurationList;
			buildConfigurations = (
				B893CE80219DBA7000E265C5 /* Debug */,
				B893CE81219DBA7000E265C5 /* Release */,
			);
			defaultConfigurationIsVisible = 0;
			defaultConfigurationName = Release;
		};
		B8AED9B5219096B70030AE59 /* Build configuration list for PBXNativeTarget "AdvanceSwift_10" */ = {
			isa = XCConfigurationList;
			buildConfigurations = (
				B8AED9B3219096B70030AE59 /* Debug */,
				B8AED9B4219096B70030AE59 /* Release */,
			);
			defaultConfigurationIsVisible = 0;
			defaultConfigurationName = Release;
		};
		B8B653C021496FE300C809E0 /* Build configuration list for PBXNativeTarget "AdvanceSwift_03" */ = {
			isa = XCConfigurationList;
			buildConfigurations = (
				B8B653BE21496FE300C809E0 /* Debug */,
				B8B653BF21496FE300C809E0 /* Release */,
			);
			defaultConfigurationIsVisible = 0;
			defaultConfigurationName = Release;
		};
		B8B653C92152957F00C809E0 /* Build configuration list for PBXNativeTarget "AdvanceSwift_04" */ = {
			isa = XCConfigurationList;
			buildConfigurations = (
				B8B653CA2152957F00C809E0 /* Debug */,
				B8B653CB2152957F00C809E0 /* Release */,
			);
			defaultConfigurationIsVisible = 0;
			defaultConfigurationName = Release;
		};
		B8B653D4215541AE00C809E0 /* Build configuration list for PBXNativeTarget "AdvanceSwift_05" */ = {
			isa = XCConfigurationList;
			buildConfigurations = (
				B8B653D5215541AE00C809E0 /* Debug */,
				B8B653D6215541AE00C809E0 /* Release */,
			);
			defaultConfigurationIsVisible = 0;
			defaultConfigurationName = Release;
		};
		B8E1DC1C21CD3AF400B06277 /* Build configuration list for PBXNativeTarget "AdvanceSwift_13" */ = {
			isa = XCConfigurationList;
			buildConfigurations = (
				B8E1DC1A21CD3AF400B06277 /* Debug */,
				B8E1DC1B21CD3AF400B06277 /* Release */,
			);
			defaultConfigurationIsVisible = 0;
			defaultConfigurationName = Release;
		};
		B8FF55EA216D05180054F133 /* Build configuration list for PBXNativeTarget "AdvanceSwift_07" */ = {
			isa = XCConfigurationList;
			buildConfigurations = (
				B8FF55E8216D05180054F133 /* Debug */,
				B8FF55E9216D05180054F133 /* Release */,
			);
			defaultConfigurationIsVisible = 0;
			defaultConfigurationName = Release;
		};
		B8FF55F32174E1560054F133 /* Build configuration list for PBXNativeTarget "AdvanceSwift_08" */ = {
			isa = XCConfigurationList;
			buildConfigurations = (
				B8FF55F42174E1560054F133 /* Debug */,
				B8FF55F52174E1560054F133 /* Release */,
			);
			defaultConfigurationIsVisible = 0;
			defaultConfigurationName = Release;
		};
/* End XCConfigurationList section */
	};
	rootObject = B83D2F3B213C2C960059E99D /* Project object */;
}
