// !$*UTF8*$!
{
	archiveVersion = 1;
	classes = {
	};
	objectVersion = 48;
	objects = {

/* Begin PBXBuildFile section */
		B810EEB61FACB9C00032689B /* main.swift in Sources */ = {isa = PBXBuildFile; fileRef = B810EEB51FACB9C00032689B /* main.swift */; };
		B88E77761FAA1F210075BFB6 /* main.swift in Sources */ = {isa = PBXBuildFile; fileRef = B88E77751FAA1F210075BFB6 /* main.swift */; };
		B88E77811FAB67050075BFB6 /* main.swift in Sources */ = {isa = PBXBuildFile; fileRef = B88E77801FAB67050075BFB6 /* main.swift */; };
		B892053A1F9F9DC90051B1E5 /* main.swift in Sources */ = {isa = PBXBuildFile; fileRef = B89205391F9F9DC90051B1E5 /* main.swift */; };
		B89205521FA0EB990051B1E5 /* main.swift in Sources */ = {isa = PBXBuildFile; fileRef = B89205511FA0EB990051B1E5 /* main.swift */; };
		B89205911FA77EBD0051B1E5 /* main.swift in Sources */ = {isa = PBXBuildFile; fileRef = B89205901FA77EBD0051B1E5 /* main.swift */; };
		B892059C1FA783900051B1E5 /* main.swift in Sources */ = {isa = PBXBuildFile; fileRef = B892059B1FA783900051B1E5 /* main.swift */; };
		B89205A71FA8C0830051B1E5 /* main.swift in Sources */ = {isa = PBXBuildFile; fileRef = B89205A61FA8C0830051B1E5 /* main.swift */; };
		B89205B21FA8C73A0051B1E5 /* main.swift in Sources */ = {isa = PBXBuildFile; fileRef = B89205B11FA8C73A0051B1E5 /* main.swift */; };
		B89205BD1FA8D2C30051B1E5 /* main.swift in Sources */ = {isa = PBXBuildFile; fileRef = B89205BC1FA8D2C30051B1E5 /* main.swift */; };
		B8CC92ED1FAA0D2D009A9ADC /* main.swift in Sources */ = {isa = PBXBuildFile; fileRef = B8CC92EC1FAA0D2D009A9ADC /* main.swift */; };
		B8CC92F81FAA1945009A9ADC /* main.swift in Sources */ = {isa = PBXBuildFile; fileRef = B8CC92F71FAA1945009A9ADC /* main.swift */; };
		B8CD14771FB0A0DD0058B1D0 /* main.swift in Sources */ = {isa = PBXBuildFile; fileRef = B8CD14761FB0A0DD0058B1D0 /* main.swift */; };
		B8CD14821FB0A6650058B1D0 /* main.swift in Sources */ = {isa = PBXBuildFile; fileRef = B8CD14811FB0A6650058B1D0 /* main.swift */; };
		B8CD148D1FB0AE1A0058B1D0 /* main.swift in Sources */ = {isa = PBXBuildFile; fileRef = B8CD148C1FB0AE1A0058B1D0 /* main.swift */; };
/* End PBXBuildFile section */

/* Begin PBXCopyFilesBuildPhase section */
		B810EEB11FACB9C00032689B /* CopyFiles */ = {
			isa = PBXCopyFilesBuildPhase;
			buildActionMask = 2147483647;
			dstPath = /usr/share/man/man1/;
			dstSubfolderSpec = 0;
			files = (
			);
			runOnlyForDeploymentPostprocessing = 1;
		};
		B88E77711FAA1F200075BFB6 /* CopyFiles */ = {
			isa = PBXCopyFilesBuildPhase;
			buildActionMask = 2147483647;
			dstPath = /usr/share/man/man1/;
			dstSubfolderSpec = 0;
			files = (
			);
			runOnlyForDeploymentPostprocessing = 1;
		};
		B88E777C1FAB67050075BFB6 /* CopyFiles */ = {
			isa = PBXCopyFilesBuildPhase;
			buildActionMask = 2147483647;
			dstPath = /usr/share/man/man1/;
			dstSubfolderSpec = 0;
			files = (
			);
			runOnlyForDeploymentPostprocessing = 1;
		};
		B89205341F9F9DC90051B1E5 /* CopyFiles */ = {
			isa = PBXCopyFilesBuildPhase;
			buildActionMask = 2147483647;
			dstPath = /usr/share/man/man1/;
			dstSubfolderSpec = 0;
			files = (
			);
			runOnlyForDeploymentPostprocessing = 1;
		};
		B892054D1FA0EB990051B1E5 /* CopyFiles */ = {
			isa = PBXCopyFilesBuildPhase;
			buildActionMask = 2147483647;
			dstPath = /usr/share/man/man1/;
			dstSubfolderSpec = 0;
			files = (
			);
			runOnlyForDeploymentPostprocessing = 1;
		};
		B892058C1FA77EBD0051B1E5 /* CopyFiles */ = {
			isa = PBXCopyFilesBuildPhase;
			buildActionMask = 2147483647;
			dstPath = /usr/share/man/man1/;
			dstSubfolderSpec = 0;
			files = (
			);
			runOnlyForDeploymentPostprocessing = 1;
		};
		B89205971FA783900051B1E5 /* CopyFiles */ = {
			isa = PBXCopyFilesBuildPhase;
			buildActionMask = 2147483647;
			dstPath = /usr/share/man/man1/;
			dstSubfolderSpec = 0;
			files = (
			);
			runOnlyForDeploymentPostprocessing = 1;
		};
		B89205A21FA8C0830051B1E5 /* CopyFiles */ = {
			isa = PBXCopyFilesBuildPhase;
			buildActionMask = 2147483647;
			dstPath = /usr/share/man/man1/;
			dstSubfolderSpec = 0;
			files = (
			);
			runOnlyForDeploymentPostprocessing = 1;
		};
		B89205AD1FA8C73A0051B1E5 /* CopyFiles */ = {
			isa = PBXCopyFilesBuildPhase;
			buildActionMask = 2147483647;
			dstPath = /usr/share/man/man1/;
			dstSubfolderSpec = 0;
			files = (
			);
			runOnlyForDeploymentPostprocessing = 1;
		};
		B89205B81FA8D2C30051B1E5 /* CopyFiles */ = {
			isa = PBXCopyFilesBuildPhase;
			buildActionMask = 2147483647;
			dstPath = /usr/share/man/man1/;
			dstSubfolderSpec = 0;
			files = (
			);
			runOnlyForDeploymentPostprocessing = 1;
		};
		B8CC92E81FAA0D2D009A9ADC /* CopyFiles */ = {
			isa = PBXCopyFilesBuildPhase;
			buildActionMask = 2147483647;
			dstPath = /usr/share/man/man1/;
			dstSubfolderSpec = 0;
			files = (
			);
			runOnlyForDeploymentPostprocessing = 1;
		};
		B8CC92F31FAA1945009A9ADC /* CopyFiles */ = {
			isa = PBXCopyFilesBuildPhase;
			buildActionMask = 2147483647;
			dstPath = /usr/share/man/man1/;
			dstSubfolderSpec = 0;
			files = (
			);
			runOnlyForDeploymentPostprocessing = 1;
		};
		B8CD14721FB0A0DD0058B1D0 /* CopyFiles */ = {
			isa = PBXCopyFilesBuildPhase;
			buildActionMask = 2147483647;
			dstPath = /usr/share/man/man1/;
			dstSubfolderSpec = 0;
			files = (
			);
			runOnlyForDeploymentPostprocessing = 1;
		};
		B8CD147D1FB0A6650058B1D0 /* CopyFiles */ = {
			isa = PBXCopyFilesBuildPhase;
			buildActionMask = 2147483647;
			dstPath = /usr/share/man/man1/;
			dstSubfolderSpec = 0;
			files = (
			);
			runOnlyForDeploymentPostprocessing = 1;
		};
		B8CD14881FB0AE1A0058B1D0 /* CopyFiles */ = {
			isa = PBXCopyFilesBuildPhase;
			buildActionMask = 2147483647;
			dstPath = /usr/share/man/man1/;
			dstSubfolderSpec = 0;
			files = (
			);
			runOnlyForDeploymentPostprocessing = 1;
		};
/* End PBXCopyFilesBuildPhase section */

/* Begin PBXFileReference section */
		B810EEB31FACB9C00032689B /* 12_function */ = {isa = PBXFileReference; explicitFileType = "compiled.mach-o.executable"; includeInIndex = 0; path = 12_function; sourceTree = BUILT_PRODUCTS_DIR; };
		B810EEB51FACB9C00032689B /* main.swift */ = {isa = PBXFileReference; lastKnownFileType = sourcecode.swift; path = main.swift; sourceTree = "<group>"; };
		B88E77731FAA1F200075BFB6 /* 10_literal */ = {isa = PBXFileReference; explicitFileType = "compiled.mach-o.executable"; includeInIndex = 0; path = 10_literal; sourceTree = BUILT_PRODUCTS_DIR; };
		B88E77751FAA1F210075BFB6 /* main.swift */ = {isa = PBXFileReference; lastKnownFileType = sourcecode.swift; path = main.swift; sourceTree = "<group>"; };
		B88E777E1FAB67050075BFB6 /* 11_subscript */ = {isa = PBXFileReference; explicitFileType = "compiled.mach-o.executable"; includeInIndex = 0; path = 11_subscript; sourceTree = BUILT_PRODUCTS_DIR; };
		B88E77801FAB67050075BFB6 /* main.swift */ = {isa = PBXFileReference; lastKnownFileType = sourcecode.swift; path = main.swift; sourceTree = "<group>"; };
		B89205361F9F9DC90051B1E5 /* SwiftTips */ = {isa = PBXFileReference; explicitFileType = "compiled.mach-o.executable"; includeInIndex = 0; path = SwiftTips; sourceTree = BUILT_PRODUCTS_DIR; };
		B89205391F9F9DC90051B1E5 /* main.swift */ = {isa = PBXFileReference; lastKnownFileType = sourcecode.swift; path = main.swift; sourceTree = "<group>"; };
		B892054F1FA0EB990051B1E5 /* 02_protocol_mutating */ = {isa = PBXFileReference; explicitFileType = "compiled.mach-o.executable"; includeInIndex = 0; path = 02_protocol_mutating; sourceTree = BUILT_PRODUCTS_DIR; };
		B89205511FA0EB990051B1E5 /* main.swift */ = {isa = PBXFileReference; lastKnownFileType = sourcecode.swift; path = main.swift; sourceTree = "<group>"; };
		B892058E1FA77EBD0051B1E5 /* 03_sequence */ = {isa = PBXFileReference; explicitFileType = "compiled.mach-o.executable"; includeInIndex = 0; path = 03_sequence; sourceTree = BUILT_PRODUCTS_DIR; };
		B89205901FA77EBD0051B1E5 /* main.swift */ = {isa = PBXFileReference; lastKnownFileType = sourcecode.swift; path = main.swift; sourceTree = "<group>"; };
		B89205991FA783900051B1E5 /* 04_mutiTuple */ = {isa = PBXFileReference; explicitFileType = "compiled.mach-o.executable"; includeInIndex = 0; path = 04_mutiTuple; sourceTree = BUILT_PRODUCTS_DIR; };
		B892059B1FA783900051B1E5 /* main.swift */ = {isa = PBXFileReference; lastKnownFileType = sourcecode.swift; path = main.swift; sourceTree = "<group>"; };
		B89205A41FA8C0830051B1E5 /* 05_autoclosure_?? */ = {isa = PBXFileReference; explicitFileType = "compiled.mach-o.executable"; includeInIndex = 0; path = "05_autoclosure_??"; sourceTree = BUILT_PRODUCTS_DIR; };
		B89205A61FA8C0830051B1E5 /* main.swift */ = {isa = PBXFileReference; lastKnownFileType = sourcecode.swift; path = main.swift; sourceTree = "<group>"; };
		B89205AF1FA8C73A0051B1E5 /* 06_escaping */ = {isa = PBXFileReference; explicitFileType = "compiled.mach-o.executable"; includeInIndex = 0; path = 06_escaping; sourceTree = BUILT_PRODUCTS_DIR; };
		B89205B11FA8C73A0051B1E5 /* main.swift */ = {isa = PBXFileReference; lastKnownFileType = sourcecode.swift; path = main.swift; sourceTree = "<group>"; };
		B89205BA1FA8D2C30051B1E5 /* 07_optional chaining */ = {isa = PBXFileReference; explicitFileType = "compiled.mach-o.executable"; includeInIndex = 0; path = "07_optional chaining"; sourceTree = BUILT_PRODUCTS_DIR; };
		B89205BC1FA8D2C30051B1E5 /* main.swift */ = {isa = PBXFileReference; lastKnownFileType = sourcecode.swift; path = main.swift; sourceTree = "<group>"; };
		B8CC92EA1FAA0D2D009A9ADC /* 08_operator */ = {isa = PBXFileReference; explicitFileType = "compiled.mach-o.executable"; includeInIndex = 0; path = 08_operator; sourceTree = BUILT_PRODUCTS_DIR; };
		B8CC92EC1FAA0D2D009A9ADC /* main.swift */ = {isa = PBXFileReference; lastKnownFileType = sourcecode.swift; path = main.swift; sourceTree = "<group>"; };
		B8CC92F51FAA1945009A9ADC /* 09_function */ = {isa = PBXFileReference; explicitFileType = "compiled.mach-o.executable"; includeInIndex = 0; path = 09_function; sourceTree = BUILT_PRODUCTS_DIR; };
		B8CC92F71FAA1945009A9ADC /* main.swift */ = {isa = PBXFileReference; lastKnownFileType = sourcecode.swift; path = main.swift; sourceTree = "<group>"; };
		B8CD14741FB0A0DD0058B1D0 /* 13_typealias */ = {isa = PBXFileReference; explicitFileType = "compiled.mach-o.executable"; includeInIndex = 0; path = 13_typealias; sourceTree = BUILT_PRODUCTS_DIR; };
		B8CD14761FB0A0DD0058B1D0 /* main.swift */ = {isa = PBXFileReference; lastKnownFileType = sourcecode.swift; path = main.swift; sourceTree = "<group>"; };
		B8CD147F1FB0A6650058B1D0 /* 14_associatedtype */ = {isa = PBXFileReference; explicitFileType = "compiled.mach-o.executable"; includeInIndex = 0; path = 14_associatedtype; sourceTree = BUILT_PRODUCTS_DIR; };
		B8CD14811FB0A6650058B1D0 /* main.swift */ = {isa = PBXFileReference; lastKnownFileType = sourcecode.swift; path = main.swift; sourceTree = "<group>"; };
		B8CD148A1FB0AE1A0058B1D0 /* 15_mutiparamter */ = {isa = PBXFileReference; explicitFileType = "compiled.mach-o.executable"; includeInIndex = 0; path = 15_mutiparamter; sourceTree = BUILT_PRODUCTS_DIR; };
		B8CD148C1FB0AE1A0058B1D0 /* main.swift */ = {isa = PBXFileReference; lastKnownFileType = sourcecode.swift; path = main.swift; sourceTree = "<group>"; };
/* End PBXFileReference section */

/* Begin PBXFrameworksBuildPhase section */
		B810EEB01FACB9C00032689B /* Frameworks */ = {
			isa = PBXFrameworksBuildPhase;
			buildActionMask = 2147483647;
			files = (
			);
			runOnlyForDeploymentPostprocessing = 0;
		};
		B88E77701FAA1F200075BFB6 /* Frameworks */ = {
			isa = PBXFrameworksBuildPhase;
			buildActionMask = 2147483647;
			files = (
			);
			runOnlyForDeploymentPostprocessing = 0;
		};
		B88E777B1FAB67050075BFB6 /* Frameworks */ = {
			isa = PBXFrameworksBuildPhase;
			buildActionMask = 2147483647;
			files = (
			);
			runOnlyForDeploymentPostprocessing = 0;
		};
		B89205331F9F9DC90051B1E5 /* Frameworks */ = {
			isa = PBXFrameworksBuildPhase;
			buildActionMask = 2147483647;
			files = (
			);
			runOnlyForDeploymentPostprocessing = 0;
		};
		B892054C1FA0EB990051B1E5 /* Frameworks */ = {
			isa = PBXFrameworksBuildPhase;
			buildActionMask = 2147483647;
			files = (
			);
			runOnlyForDeploymentPostprocessing = 0;
		};
		B892058B1FA77EBD0051B1E5 /* Frameworks */ = {
			isa = PBXFrameworksBuildPhase;
			buildActionMask = 2147483647;
			files = (
			);
			runOnlyForDeploymentPostprocessing = 0;
		};
		B89205961FA783900051B1E5 /* Frameworks */ = {
			isa = PBXFrameworksBuildPhase;
			buildActionMask = 2147483647;
			files = (
			);
			runOnlyForDeploymentPostprocessing = 0;
		};
		B89205A11FA8C0830051B1E5 /* Frameworks */ = {
			isa = PBXFrameworksBuildPhase;
			buildActionMask = 2147483647;
			files = (
			);
			runOnlyForDeploymentPostprocessing = 0;
		};
		B89205AC1FA8C73A0051B1E5 /* Frameworks */ = {
			isa = PBXFrameworksBuildPhase;
			buildActionMask = 2147483647;
			files = (
			);
			runOnlyForDeploymentPostprocessing = 0;
		};
		B89205B71FA8D2C30051B1E5 /* Frameworks */ = {
			isa = PBXFrameworksBuildPhase;
			buildActionMask = 2147483647;
			files = (
			);
			runOnlyForDeploymentPostprocessing = 0;
		};
		B8CC92E71FAA0D2D009A9ADC /* Frameworks */ = {
			isa = PBXFrameworksBuildPhase;
			buildActionMask = 2147483647;
			files = (
			);
			runOnlyForDeploymentPostprocessing = 0;
		};
		B8CC92F21FAA1945009A9ADC /* Frameworks */ = {
			isa = PBXFrameworksBuildPhase;
			buildActionMask = 2147483647;
			files = (
			);
			runOnlyForDeploymentPostprocessing = 0;
		};
		B8CD14711FB0A0DD0058B1D0 /* Frameworks */ = {
			isa = PBXFrameworksBuildPhase;
			buildActionMask = 2147483647;
			files = (
			);
			runOnlyForDeploymentPostprocessing = 0;
		};
		B8CD147C1FB0A6650058B1D0 /* Frameworks */ = {
			isa = PBXFrameworksBuildPhase;
			buildActionMask = 2147483647;
			files = (
			);
			runOnlyForDeploymentPostprocessing = 0;
		};
		B8CD14871FB0AE1A0058B1D0 /* Frameworks */ = {
			isa = PBXFrameworksBuildPhase;
			buildActionMask = 2147483647;
			files = (
			);
			runOnlyForDeploymentPostprocessing = 0;
		};
/* End PBXFrameworksBuildPhase section */

/* Begin PBXGroup section */
		B810EEB41FACB9C00032689B /* 12_function */ = {
			isa = PBXGroup;
			children = (
				B810EEB51FACB9C00032689B /* main.swift */,
			);
			path = 12_function;
			sourceTree = "<group>";
		};
		B88E77741FAA1F200075BFB6 /* 10_literal */ = {
			isa = PBXGroup;
			children = (
				B88E77751FAA1F210075BFB6 /* main.swift */,
			);
			path = 10_literal;
			sourceTree = "<group>";
		};
		B88E777F1FAB67050075BFB6 /* 11_subscript */ = {
			isa = PBXGroup;
			children = (
				B88E77801FAB67050075BFB6 /* main.swift */,
			);
			path = 11_subscript;
			sourceTree = "<group>";
		};
		B892052D1F9F9DC90051B1E5 = {
			isa = PBXGroup;
			children = (
				B89205381F9F9DC90051B1E5 /* SwiftTips */,
				B89205501FA0EB990051B1E5 /* 02_protocol_mutating */,
				B892058F1FA77EBD0051B1E5 /* 03_sequence */,
				B892059A1FA783900051B1E5 /* 04_mutiTuple */,
				B89205A51FA8C0830051B1E5 /* 05_autoclosure_?? */,
				B89205B01FA8C73A0051B1E5 /* 06_escaping */,
				B89205BB1FA8D2C30051B1E5 /* 07_optional chaining */,
				B8CC92EB1FAA0D2D009A9ADC /* 08_operator */,
				B8CC92F61FAA1945009A9ADC /* 09_function */,
				B88E77741FAA1F200075BFB6 /* 10_literal */,
				B88E777F1FAB67050075BFB6 /* 11_subscript */,
				B810EEB41FACB9C00032689B /* 12_function */,
				B8CD14751FB0A0DD0058B1D0 /* 13_typealias */,
				B8CD14801FB0A6650058B1D0 /* 14_associatedtype */,
				B8CD148B1FB0AE1A0058B1D0 /* 15_mutiparamter */,
				B89205371F9F9DC90051B1E5 /* Products */,
			);
			sourceTree = "<group>";
		};
		B89205371F9F9DC90051B1E5 /* Products */ = {
			isa = PBXGroup;
			children = (
				B89205361F9F9DC90051B1E5 /* SwiftTips */,
				B892054F1FA0EB990051B1E5 /* 02_protocol_mutating */,
				B892058E1FA77EBD0051B1E5 /* 03_sequence */,
				B89205991FA783900051B1E5 /* 04_mutiTuple */,
				B89205A41FA8C0830051B1E5 /* 05_autoclosure_?? */,
				B89205AF1FA8C73A0051B1E5 /* 06_escaping */,
				B89205BA1FA8D2C30051B1E5 /* 07_optional chaining */,
				B8CC92EA1FAA0D2D009A9ADC /* 08_operator */,
				B8CC92F51FAA1945009A9ADC /* 09_function */,
				B88E77731FAA1F200075BFB6 /* 10_literal */,
				B88E777E1FAB67050075BFB6 /* 11_subscript */,
				B810EEB31FACB9C00032689B /* 12_function */,
				B8CD14741FB0A0DD0058B1D0 /* 13_typealias */,
				B8CD147F1FB0A6650058B1D0 /* 14_associatedtype */,
				B8CD148A1FB0AE1A0058B1D0 /* 15_mutiparamter */,
			);
			name = Products;
			sourceTree = "<group>";
		};
		B89205381F9F9DC90051B1E5 /* SwiftTips */ = {
			isa = PBXGroup;
			children = (
				B89205391F9F9DC90051B1E5 /* main.swift */,
			);
			path = SwiftTips;
			sourceTree = "<group>";
		};
		B89205501FA0EB990051B1E5 /* 02_protocol_mutating */ = {
			isa = PBXGroup;
			children = (
				B89205511FA0EB990051B1E5 /* main.swift */,
			);
			path = 02_protocol_mutating;
			sourceTree = "<group>";
		};
		B892058F1FA77EBD0051B1E5 /* 03_sequence */ = {
			isa = PBXGroup;
			children = (
				B89205901FA77EBD0051B1E5 /* main.swift */,
			);
			path = 03_sequence;
			sourceTree = "<group>";
		};
		B892059A1FA783900051B1E5 /* 04_mutiTuple */ = {
			isa = PBXGroup;
			children = (
				B892059B1FA783900051B1E5 /* main.swift */,
			);
			path = 04_mutiTuple;
			sourceTree = "<group>";
		};
		B89205A51FA8C0830051B1E5 /* 05_autoclosure_?? */ = {
			isa = PBXGroup;
			children = (
				B89205A61FA8C0830051B1E5 /* main.swift */,
			);
			path = "05_autoclosure_??";
			sourceTree = "<group>";
		};
		B89205B01FA8C73A0051B1E5 /* 06_escaping */ = {
			isa = PBXGroup;
			children = (
				B89205B11FA8C73A0051B1E5 /* main.swift */,
			);
			path = 06_escaping;
			sourceTree = "<group>";
		};
		B89205BB1FA8D2C30051B1E5 /* 07_optional chaining */ = {
			isa = PBXGroup;
			children = (
				B89205BC1FA8D2C30051B1E5 /* main.swift */,
			);
			path = "07_optional chaining";
			sourceTree = "<group>";
		};
		B8CC92EB1FAA0D2D009A9ADC /* 08_operator */ = {
			isa = PBXGroup;
			children = (
				B8CC92EC1FAA0D2D009A9ADC /* main.swift */,
			);
			path = 08_operator;
			sourceTree = "<group>";
		};
		B8CC92F61FAA1945009A9ADC /* 09_function */ = {
			isa = PBXGroup;
			children = (
				B8CC92F71FAA1945009A9ADC /* main.swift */,
			);
			path = 09_function;
			sourceTree = "<group>";
		};
		B8CD14751FB0A0DD0058B1D0 /* 13_typealias */ = {
			isa = PBXGroup;
			children = (
				B8CD14761FB0A0DD0058B1D0 /* main.swift */,
			);
			path = 13_typealias;
			sourceTree = "<group>";
		};
		B8CD14801FB0A6650058B1D0 /* 14_associatedtype */ = {
			isa = PBXGroup;
			children = (
				B8CD14811FB0A6650058B1D0 /* main.swift */,
			);
			path = 14_associatedtype;
			sourceTree = "<group>";
		};
		B8CD148B1FB0AE1A0058B1D0 /* 15_mutiparamter */ = {
			isa = PBXGroup;
			children = (
				B8CD148C1FB0AE1A0058B1D0 /* main.swift */,
			);
			path = 15_mutiparamter;
			sourceTree = "<group>";
		};
/* End PBXGroup section */

/* Begin PBXNativeTarget section */
		B810EEB21FACB9C00032689B /* 12_function */ = {
			isa = PBXNativeTarget;
			buildConfigurationList = B810EEB91FACB9C00032689B /* Build configuration list for PBXNativeTarget "12_function" */;
			buildPhases = (
				B810EEAF1FACB9C00032689B /* Sources */,
				B810EEB01FACB9C00032689B /* Frameworks */,
				B810EEB11FACB9C00032689B /* CopyFiles */,
			);
			buildRules = (
			);
			dependencies = (
			);
			name = 12_function;
			productName = 12_function;
			productReference = B810EEB31FACB9C00032689B /* 12_function */;
			productType = "com.apple.product-type.tool";
		};
		B88E77721FAA1F200075BFB6 /* 10_literal */ = {
			isa = PBXNativeTarget;
			buildConfigurationList = B88E77791FAA1F210075BFB6 /* Build configuration list for PBXNativeTarget "10_literal" */;
			buildPhases = (
				B88E776F1FAA1F200075BFB6 /* Sources */,
				B88E77701FAA1F200075BFB6 /* Frameworks */,
				B88E77711FAA1F200075BFB6 /* CopyFiles */,
			);
			buildRules = (
			);
			dependencies = (
			);
			name = 10_literal;
			productName = 10_literal;
			productReference = B88E77731FAA1F200075BFB6 /* 10_literal */;
			productType = "com.apple.product-type.tool";
		};
		B88E777D1FAB67050075BFB6 /* 11_subscript */ = {
			isa = PBXNativeTarget;
			buildConfigurationList = B88E77841FAB67050075BFB6 /* Build configuration list for PBXNativeTarget "11_subscript" */;
			buildPhases = (
				B88E777A1FAB67050075BFB6 /* Sources */,
				B88E777B1FAB67050075BFB6 /* Frameworks */,
				B88E777C1FAB67050075BFB6 /* CopyFiles */,
			);
			buildRules = (
			);
			dependencies = (
			);
			name = 11_subscript;
			productName = 11_subscript;
			productReference = B88E777E1FAB67050075BFB6 /* 11_subscript */;
			productType = "com.apple.product-type.tool";
		};
		B89205351F9F9DC90051B1E5 /* SwiftTips */ = {
			isa = PBXNativeTarget;
			buildConfigurationList = B892053D1F9F9DC90051B1E5 /* Build configuration list for PBXNativeTarget "SwiftTips" */;
			buildPhases = (
				B89205321F9F9DC90051B1E5 /* Sources */,
				B89205331F9F9DC90051B1E5 /* Frameworks */,
				B89205341F9F9DC90051B1E5 /* CopyFiles */,
			);
			buildRules = (
			);
			dependencies = (
			);
			name = SwiftTips;
			productName = SwiftTips;
			productReference = B89205361F9F9DC90051B1E5 /* SwiftTips */;
			productType = "com.apple.product-type.tool";
		};
		B892054E1FA0EB990051B1E5 /* 02_protocol_mutating */ = {
			isa = PBXNativeTarget;
			buildConfigurationList = B89205531FA0EB990051B1E5 /* Build configuration list for PBXNativeTarget "02_protocol_mutating" */;
			buildPhases = (
				B892054B1FA0EB990051B1E5 /* Sources */,
				B892054C1FA0EB990051B1E5 /* Frameworks */,
				B892054D1FA0EB990051B1E5 /* CopyFiles */,
			);
			buildRules = (
			);
			dependencies = (
			);
			name = 02_protocol_mutating;
			productName = 02_protocol_mutating;
			productReference = B892054F1FA0EB990051B1E5 /* 02_protocol_mutating */;
			productType = "com.apple.product-type.tool";
		};
		B892058D1FA77EBD0051B1E5 /* 03_sequence */ = {
			isa = PBXNativeTarget;
			buildConfigurationList = B89205921FA77EBD0051B1E5 /* Build configuration list for PBXNativeTarget "03_sequence" */;
			buildPhases = (
				B892058A1FA77EBD0051B1E5 /* Sources */,
				B892058B1FA77EBD0051B1E5 /* Frameworks */,
				B892058C1FA77EBD0051B1E5 /* CopyFiles */,
			);
			buildRules = (
			);
			dependencies = (
			);
			name = 03_sequence;
			productName = 03_sequence;
			productReference = B892058E1FA77EBD0051B1E5 /* 03_sequence */;
			productType = "com.apple.product-type.tool";
		};
		B89205981FA783900051B1E5 /* 04_mutiTuple */ = {
			isa = PBXNativeTarget;
			buildConfigurationList = B892059D1FA783900051B1E5 /* Build configuration list for PBXNativeTarget "04_mutiTuple" */;
			buildPhases = (
				B89205951FA783900051B1E5 /* Sources */,
				B89205961FA783900051B1E5 /* Frameworks */,
				B89205971FA783900051B1E5 /* CopyFiles */,
			);
			buildRules = (
			);
			dependencies = (
			);
			name = 04_mutiTuple;
			productName = 04_mutiTuple;
			productReference = B89205991FA783900051B1E5 /* 04_mutiTuple */;
			productType = "com.apple.product-type.tool";
		};
		B89205A31FA8C0830051B1E5 /* 05_autoclosure_?? */ = {
			isa = PBXNativeTarget;
			buildConfigurationList = B89205A81FA8C0830051B1E5 /* Build configuration list for PBXNativeTarget "05_autoclosure_??" */;
			buildPhases = (
				B89205A01FA8C0830051B1E5 /* Sources */,
				B89205A11FA8C0830051B1E5 /* Frameworks */,
				B89205A21FA8C0830051B1E5 /* CopyFiles */,
			);
			buildRules = (
			);
			dependencies = (
			);
			name = "05_autoclosure_??";
			productName = "05_autoclosure_??";
			productReference = B89205A41FA8C0830051B1E5 /* 05_autoclosure_?? */;
			productType = "com.apple.product-type.tool";
		};
		B89205AE1FA8C73A0051B1E5 /* 06_escaping */ = {
			isa = PBXNativeTarget;
			buildConfigurationList = B89205B31FA8C73A0051B1E5 /* Build configuration list for PBXNativeTarget "06_escaping" */;
			buildPhases = (
				B89205AB1FA8C73A0051B1E5 /* Sources */,
				B89205AC1FA8C73A0051B1E5 /* Frameworks */,
				B89205AD1FA8C73A0051B1E5 /* CopyFiles */,
			);
			buildRules = (
			);
			dependencies = (
			);
			name = 06_escaping;
			productName = 06_escaping;
			productReference = B89205AF1FA8C73A0051B1E5 /* 06_escaping */;
			productType = "com.apple.product-type.tool";
		};
		B89205B91FA8D2C30051B1E5 /* 07_optional chaining */ = {
			isa = PBXNativeTarget;
			buildConfigurationList = B89205BE1FA8D2C30051B1E5 /* Build configuration list for PBXNativeTarget "07_optional chaining" */;
			buildPhases = (
				B89205B61FA8D2C30051B1E5 /* Sources */,
				B89205B71FA8D2C30051B1E5 /* Frameworks */,
				B89205B81FA8D2C30051B1E5 /* CopyFiles */,
			);
			buildRules = (
			);
			dependencies = (
			);
			name = "07_optional chaining";
			productName = "07_optional chaining";
			productReference = B89205BA1FA8D2C30051B1E5 /* 07_optional chaining */;
			productType = "com.apple.product-type.tool";
		};
		B8CC92E91FAA0D2D009A9ADC /* 08_operator */ = {
			isa = PBXNativeTarget;
			buildConfigurationList = B8CC92F01FAA0D2D009A9ADC /* Build configuration list for PBXNativeTarget "08_operator" */;
			buildPhases = (
				B8CC92E61FAA0D2D009A9ADC /* Sources */,
				B8CC92E71FAA0D2D009A9ADC /* Frameworks */,
				B8CC92E81FAA0D2D009A9ADC /* CopyFiles */,
			);
			buildRules = (
			);
			dependencies = (
			);
			name = 08_operator;
			productName = 08_operator;
			productReference = B8CC92EA1FAA0D2D009A9ADC /* 08_operator */;
			productType = "com.apple.product-type.tool";
		};
		B8CC92F41FAA1945009A9ADC /* 09_function */ = {
			isa = PBXNativeTarget;
			buildConfigurationList = B8CC92F91FAA1945009A9ADC /* Build configuration list for PBXNativeTarget "09_function" */;
			buildPhases = (
				B8CC92F11FAA1945009A9ADC /* Sources */,
				B8CC92F21FAA1945009A9ADC /* Frameworks */,
				B8CC92F31FAA1945009A9ADC /* CopyFiles */,
			);
			buildRules = (
			);
			dependencies = (
			);
			name = 09_function;
			productName = 09_function;
			productReference = B8CC92F51FAA1945009A9ADC /* 09_function */;
			productType = "com.apple.product-type.tool";
		};
		B8CD14731FB0A0DD0058B1D0 /* 13_typealias */ = {
			isa = PBXNativeTarget;
			buildConfigurationList = B8CD147A1FB0A0DE0058B1D0 /* Build configuration list for PBXNativeTarget "13_typealias" */;
			buildPhases = (
				B8CD14701FB0A0DD0058B1D0 /* Sources */,
				B8CD14711FB0A0DD0058B1D0 /* Frameworks */,
				B8CD14721FB0A0DD0058B1D0 /* CopyFiles */,
			);
			buildRules = (
			);
			dependencies = (
			);
			name = 13_typealias;
			productName = 13_typealias;
			productReference = B8CD14741FB0A0DD0058B1D0 /* 13_typealias */;
			productType = "com.apple.product-type.tool";
		};
		B8CD147E1FB0A6650058B1D0 /* 14_associatedtype */ = {
			isa = PBXNativeTarget;
			buildConfigurationList = B8CD14831FB0A6650058B1D0 /* Build configuration list for PBXNativeTarget "14_associatedtype" */;
			buildPhases = (
				B8CD147B1FB0A6650058B1D0 /* Sources */,
				B8CD147C1FB0A6650058B1D0 /* Frameworks */,
				B8CD147D1FB0A6650058B1D0 /* CopyFiles */,
			);
			buildRules = (
			);
			dependencies = (
			);
			name = 14_associatedtype;
			productName = 14_associatedtype;
			productReference = B8CD147F1FB0A6650058B1D0 /* 14_associatedtype */;
			productType = "com.apple.product-type.tool";
		};
		B8CD14891FB0AE1A0058B1D0 /* 15_mutiparamter */ = {
			isa = PBXNativeTarget;
			buildConfigurationList = B8CD148E1FB0AE1A0058B1D0 /* Build configuration list for PBXNativeTarget "15_mutiparamter" */;
			buildPhases = (
				B8CD14861FB0AE1A0058B1D0 /* Sources */,
				B8CD14871FB0AE1A0058B1D0 /* Frameworks */,
				B8CD14881FB0AE1A0058B1D0 /* CopyFiles */,
			);
			buildRules = (
			);
			dependencies = (
			);
			name = 15_mutiparamter;
			productName = 15_mutiparamter;
			productReference = B8CD148A1FB0AE1A0058B1D0 /* 15_mutiparamter */;
			productType = "com.apple.product-type.tool";
		};
/* End PBXNativeTarget section */

/* Begin PBXProject section */
		B892052E1F9F9DC90051B1E5 /* Project object */ = {
			isa = PBXProject;
			attributes = {
				LastSwiftUpdateCheck = 0910;
				LastUpgradeCheck = 0900;
				ORGANIZATIONNAME = YouHuaPei;
				TargetAttributes = {
					B810EEB21FACB9C00032689B = {
						CreatedOnToolsVersion = 9.0.1;
						ProvisioningStyle = Automatic;
					};
					B88E77721FAA1F200075BFB6 = {
						CreatedOnToolsVersion = 9.0.1;
						ProvisioningStyle = Automatic;
					};
					B88E777D1FAB67050075BFB6 = {
						CreatedOnToolsVersion = 9.0.1;
						ProvisioningStyle = Automatic;
					};
					B89205351F9F9DC90051B1E5 = {
						CreatedOnToolsVersion = 9.0.1;
						ProvisioningStyle = Automatic;
					};
					B892054E1FA0EB990051B1E5 = {
						CreatedOnToolsVersion = 9.0.1;
						ProvisioningStyle = Automatic;
					};
					B892058D1FA77EBD0051B1E5 = {
						CreatedOnToolsVersion = 9.0.1;
						ProvisioningStyle = Automatic;
					};
					B89205981FA783900051B1E5 = {
						CreatedOnToolsVersion = 9.0.1;
						ProvisioningStyle = Automatic;
					};
					B89205A31FA8C0830051B1E5 = {
						CreatedOnToolsVersion = 9.0.1;
						ProvisioningStyle = Automatic;
					};
					B89205AE1FA8C73A0051B1E5 = {
						CreatedOnToolsVersion = 9.0.1;
						ProvisioningStyle = Automatic;
					};
					B89205B91FA8D2C30051B1E5 = {
						CreatedOnToolsVersion = 9.0.1;
						ProvisioningStyle = Automatic;
					};
					B8CC92E91FAA0D2D009A9ADC = {
						CreatedOnToolsVersion = 9.0.1;
						ProvisioningStyle = Automatic;
					};
					B8CC92F41FAA1945009A9ADC = {
						CreatedOnToolsVersion = 9.0.1;
						ProvisioningStyle = Automatic;
					};
					B8CD14731FB0A0DD0058B1D0 = {
						CreatedOnToolsVersion = 9.1;
						ProvisioningStyle = Automatic;
					};
					B8CD147E1FB0A6650058B1D0 = {
						CreatedOnToolsVersion = 9.1;
						ProvisioningStyle = Automatic;
					};
					B8CD14891FB0AE1A0058B1D0 = {
						CreatedOnToolsVersion = 9.1;
						ProvisioningStyle = Automatic;
					};
				};
			};
			buildConfigurationList = B89205311F9F9DC90051B1E5 /* Build configuration list for PBXProject "SwiftTips" */;
			compatibilityVersion = "Xcode 8.0";
			developmentRegion = en;
			hasScannedForEncodings = 0;
			knownRegions = (
				en,
			);
			mainGroup = B892052D1F9F9DC90051B1E5;
			productRefGroup = B89205371F9F9DC90051B1E5 /* Products */;
			projectDirPath = "";
			projectRoot = "";
			targets = (
				B89205351F9F9DC90051B1E5 /* SwiftTips */,
				B892054E1FA0EB990051B1E5 /* 02_protocol_mutating */,
				B892058D1FA77EBD0051B1E5 /* 03_sequence */,
				B89205981FA783900051B1E5 /* 04_mutiTuple */,
				B89205A31FA8C0830051B1E5 /* 05_autoclosure_?? */,
				B89205AE1FA8C73A0051B1E5 /* 06_escaping */,
				B89205B91FA8D2C30051B1E5 /* 07_optional chaining */,
				B8CC92E91FAA0D2D009A9ADC /* 08_operator */,
				B8CC92F41FAA1945009A9ADC /* 09_function */,
				B88E77721FAA1F200075BFB6 /* 10_literal */,
				B88E777D1FAB67050075BFB6 /* 11_subscript */,
				B810EEB21FACB9C00032689B /* 12_function */,
				B8CD14731FB0A0DD0058B1D0 /* 13_typealias */,
				B8CD147E1FB0A6650058B1D0 /* 14_associatedtype */,
				B8CD14891FB0AE1A0058B1D0 /* 15_mutiparamter */,
			);
		};
/* End PBXProject section */

/* Begin PBXSourcesBuildPhase section */
		B810EEAF1FACB9C00032689B /* Sources */ = {
			isa = PBXSourcesBuildPhase;
			buildActionMask = 2147483647;
			files = (
				B810EEB61FACB9C00032689B /* main.swift in Sources */,
			);
			runOnlyForDeploymentPostprocessing = 0;
		};
		B88E776F1FAA1F200075BFB6 /* Sources */ = {
			isa = PBXSourcesBuildPhase;
			buildActionMask = 2147483647;
			files = (
				B88E77761FAA1F210075BFB6 /* main.swift in Sources */,
			);
			runOnlyForDeploymentPostprocessing = 0;
		};
		B88E777A1FAB67050075BFB6 /* Sources */ = {
			isa = PBXSourcesBuildPhase;
			buildActionMask = 2147483647;
			files = (
				B88E77811FAB67050075BFB6 /* main.swift in Sources */,
			);
			runOnlyForDeploymentPostprocessing = 0;
		};
		B89205321F9F9DC90051B1E5 /* Sources */ = {
			isa = PBXSourcesBuildPhase;
			buildActionMask = 2147483647;
			files = (
				B892053A1F9F9DC90051B1E5 /* main.swift in Sources */,
			);
			runOnlyForDeploymentPostprocessing = 0;
		};
		B892054B1FA0EB990051B1E5 /* Sources */ = {
			isa = PBXSourcesBuildPhase;
			buildActionMask = 2147483647;
			files = (
				B89205521FA0EB990051B1E5 /* main.swift in Sources */,
			);
			runOnlyForDeploymentPostprocessing = 0;
		};
		B892058A1FA77EBD0051B1E5 /* Sources */ = {
			isa = PBXSourcesBuildPhase;
			buildActionMask = 2147483647;
			files = (
				B89205911FA77EBD0051B1E5 /* main.swift in Sources */,
			);
			runOnlyForDeploymentPostprocessing = 0;
		};
		B89205951FA783900051B1E5 /* Sources */ = {
			isa = PBXSourcesBuildPhase;
			buildActionMask = 2147483647;
			files = (
				B892059C1FA783900051B1E5 /* main.swift in Sources */,
			);
			runOnlyForDeploymentPostprocessing = 0;
		};
		B89205A01FA8C0830051B1E5 /* Sources */ = {
			isa = PBXSourcesBuildPhase;
			buildActionMask = 2147483647;
			files = (
				B89205A71FA8C0830051B1E5 /* main.swift in Sources */,
			);
			runOnlyForDeploymentPostprocessing = 0;
		};
		B89205AB1FA8C73A0051B1E5 /* Sources */ = {
			isa = PBXSourcesBuildPhase;
			buildActionMask = 2147483647;
			files = (
				B89205B21FA8C73A0051B1E5 /* main.swift in Sources */,
			);
			runOnlyForDeploymentPostprocessing = 0;
		};
		B89205B61FA8D2C30051B1E5 /* Sources */ = {
			isa = PBXSourcesBuildPhase;
			buildActionMask = 2147483647;
			files = (
				B89205BD1FA8D2C30051B1E5 /* main.swift in Sources */,
			);
			runOnlyForDeploymentPostprocessing = 0;
		};
		B8CC92E61FAA0D2D009A9ADC /* Sources */ = {
			isa = PBXSourcesBuildPhase;
			buildActionMask = 2147483647;
			files = (
				B8CC92ED1FAA0D2D009A9ADC /* main.swift in Sources */,
			);
			runOnlyForDeploymentPostprocessing = 0;
		};
		B8CC92F11FAA1945009A9ADC /* Sources */ = {
			isa = PBXSourcesBuildPhase;
			buildActionMask = 2147483647;
			files = (
				B8CC92F81FAA1945009A9ADC /* main.swift in Sources */,
			);
			runOnlyForDeploymentPostprocessing = 0;
		};
		B8CD14701FB0A0DD0058B1D0 /* Sources */ = {
			isa = PBXSourcesBuildPhase;
			buildActionMask = 2147483647;
			files = (
				B8CD14771FB0A0DD0058B1D0 /* main.swift in Sources */,
			);
			runOnlyForDeploymentPostprocessing = 0;
		};
		B8CD147B1FB0A6650058B1D0 /* Sources */ = {
			isa = PBXSourcesBuildPhase;
			buildActionMask = 2147483647;
			files = (
				B8CD14821FB0A6650058B1D0 /* main.swift in Sources */,
			);
			runOnlyForDeploymentPostprocessing = 0;
		};
		B8CD14861FB0AE1A0058B1D0 /* Sources */ = {
			isa = PBXSourcesBuildPhase;
			buildActionMask = 2147483647;
			files = (
				B8CD148D1FB0AE1A0058B1D0 /* main.swift in Sources */,
			);
			runOnlyForDeploymentPostprocessing = 0;
		};
/* End PBXSourcesBuildPhase section */

/* Begin XCBuildConfiguration section */
		B810EEB71FACB9C00032689B /* Debug */ = {
			isa = XCBuildConfiguration;
			buildSettings = {
				CODE_SIGN_STYLE = Automatic;
				PRODUCT_NAME = "$(TARGET_NAME)";
				SWIFT_VERSION = 4.0;
			};
			name = Debug;
		};
		B810EEB81FACB9C00032689B /* Release */ = {
			isa = XCBuildConfiguration;
			buildSettings = {
				CODE_SIGN_STYLE = Automatic;
				PRODUCT_NAME = "$(TARGET_NAME)";
				SWIFT_VERSION = 4.0;
			};
			name = Release;
		};
		B88E77771FAA1F210075BFB6 /* Debug */ = {
			isa = XCBuildConfiguration;
			buildSettings = {
				CODE_SIGN_STYLE = Automatic;
				PRODUCT_NAME = "$(TARGET_NAME)";
				SWIFT_VERSION = 4.0;
			};
			name = Debug;
		};
		B88E77781FAA1F210075BFB6 /* Release */ = {
			isa = XCBuildConfiguration;
			buildSettings = {
				CODE_SIGN_STYLE = Automatic;
				PRODUCT_NAME = "$(TARGET_NAME)";
				SWIFT_VERSION = 4.0;
			};
			name = Release;
		};
		B88E77821FAB67050075BFB6 /* Debug */ = {
			isa = XCBuildConfiguration;
			buildSettings = {
				CODE_SIGN_STYLE = Automatic;
				PRODUCT_NAME = "$(TARGET_NAME)";
				SWIFT_VERSION = 4.0;
			};
			name = Debug;
		};
		B88E77831FAB67050075BFB6 /* Release */ = {
			isa = XCBuildConfiguration;
			buildSettings = {
				CODE_SIGN_STYLE = Automatic;
				PRODUCT_NAME = "$(TARGET_NAME)";
				SWIFT_VERSION = 4.0;
			};
			name = Release;
		};
		B892053B1F9F9DC90051B1E5 /* Debug */ = {
			isa = XCBuildConfiguration;
			buildSettings = {
				ALWAYS_SEARCH_USER_PATHS = NO;
				CLANG_ANALYZER_NONNULL = YES;
				CLANG_ANALYZER_NUMBER_OBJECT_CONVERSION = YES_AGGRESSIVE;
				CLANG_CXX_LANGUAGE_STANDARD = "gnu++14";
				CLANG_CXX_LIBRARY = "libc++";
				CLANG_ENABLE_MODULES = YES;
				CLANG_ENABLE_OBJC_ARC = YES;
				CLANG_WARN_BLOCK_CAPTURE_AUTORELEASING = YES;
				CLANG_WARN_BOOL_CONVERSION = YES;
				CLANG_WARN_COMMA = YES;
				CLANG_WARN_CONSTANT_CONVERSION = YES;
				CLANG_WARN_DIRECT_OBJC_ISA_USAGE = YES_ERROR;
				CLANG_WARN_DOCUMENTATION_COMMENTS = YES;
				CLANG_WARN_EMPTY_BODY = YES;
				CLANG_WARN_ENUM_CONVERSION = YES;
				CLANG_WARN_INFINITE_RECURSION = YES;
				CLANG_WARN_INT_CONVERSION = YES;
				CLANG_WARN_NON_LITERAL_NULL_CONVERSION = YES;
				CLANG_WARN_OBJC_LITERAL_CONVERSION = YES;
				CLANG_WARN_OBJC_ROOT_CLASS = YES_ERROR;
				CLANG_WARN_RANGE_LOOP_ANALYSIS = YES;
				CLANG_WARN_STRICT_PROTOTYPES = YES;
				CLANG_WARN_SUSPICIOUS_MOVE = YES;
				CLANG_WARN_UNGUARDED_AVAILABILITY = YES_AGGRESSIVE;
				CLANG_WARN_UNREACHABLE_CODE = YES;
				CLANG_WARN__DUPLICATE_METHOD_MATCH = YES;
				CODE_SIGN_IDENTITY = "-";
				COPY_PHASE_STRIP = NO;
				DEBUG_INFORMATION_FORMAT = dwarf;
				ENABLE_STRICT_OBJC_MSGSEND = YES;
				ENABLE_TESTABILITY = YES;
				GCC_C_LANGUAGE_STANDARD = gnu11;
				GCC_DYNAMIC_NO_PIC = NO;
				GCC_NO_COMMON_BLOCKS = YES;
				GCC_OPTIMIZATION_LEVEL = 0;
				GCC_PREPROCESSOR_DEFINITIONS = (
					"DEBUG=1",
					"$(inherited)",
				);
				GCC_WARN_64_TO_32_BIT_CONVERSION = YES;
				GCC_WARN_ABOUT_RETURN_TYPE = YES_ERROR;
				GCC_WARN_UNDECLARED_SELECTOR = YES;
				GCC_WARN_UNINITIALIZED_AUTOS = YES_AGGRESSIVE;
				GCC_WARN_UNUSED_FUNCTION = YES;
				GCC_WARN_UNUSED_VARIABLE = YES;
				MACOSX_DEPLOYMENT_TARGET = 10.13;
				MTL_ENABLE_DEBUG_INFO = YES;
				ONLY_ACTIVE_ARCH = YES;
				SDKROOT = macosx;
				SWIFT_ACTIVE_COMPILATION_CONDITIONS = DEBUG;
				SWIFT_OPTIMIZATION_LEVEL = "-Onone";
			};
			name = Debug;
		};
		B892053C1F9F9DC90051B1E5 /* Release */ = {
			isa = XCBuildConfiguration;
			buildSettings = {
				ALWAYS_SEARCH_USER_PATHS = NO;
				CLANG_ANALYZER_NONNULL = YES;
				CLANG_ANALYZER_NUMBER_OBJECT_CONVERSION = YES_AGGRESSIVE;
				CLANG_CXX_LANGUAGE_STANDARD = "gnu++14";
				CLANG_CXX_LIBRARY = "libc++";
				CLANG_ENABLE_MODULES = YES;
				CLANG_ENABLE_OBJC_ARC = YES;
				CLANG_WARN_BLOCK_CAPTURE_AUTORELEASING = YES;
				CLANG_WARN_BOOL_CONVERSION = YES;
				CLANG_WARN_COMMA = YES;
				CLANG_WARN_CONSTANT_CONVERSION = YES;
				CLANG_WARN_DIRECT_OBJC_ISA_USAGE = YES_ERROR;
				CLANG_WARN_DOCUMENTATION_COMMENTS = YES;
				CLANG_WARN_EMPTY_BODY = YES;
				CLANG_WARN_ENUM_CONVERSION = YES;
				CLANG_WARN_INFINITE_RECURSION = YES;
				CLANG_WARN_INT_CONVERSION = YES;
				CLANG_WARN_NON_LITERAL_NULL_CONVERSION = YES;
				CLANG_WARN_OBJC_LITERAL_CONVERSION = YES;
				CLANG_WARN_OBJC_ROOT_CLASS = YES_ERROR;
				CLANG_WARN_RANGE_LOOP_ANALYSIS = YES;
				CLANG_WARN_STRICT_PROTOTYPES = YES;
				CLANG_WARN_SUSPICIOUS_MOVE = YES;
				CLANG_WARN_UNGUARDED_AVAILABILITY = YES_AGGRESSIVE;
				CLANG_WARN_UNREACHABLE_CODE = YES;
				CLANG_WARN__DUPLICATE_METHOD_MATCH = YES;
				CODE_SIGN_IDENTITY = "-";
				COPY_PHASE_STRIP = NO;
				DEBUG_INFORMATION_FORMAT = "dwarf-with-dsym";
				ENABLE_NS_ASSERTIONS = NO;
				ENABLE_STRICT_OBJC_MSGSEND = YES;
				GCC_C_LANGUAGE_STANDARD = gnu11;
				GCC_NO_COMMON_BLOCKS = YES;
				GCC_WARN_64_TO_32_BIT_CONVERSION = YES;
				GCC_WARN_ABOUT_RETURN_TYPE = YES_ERROR;
				GCC_WARN_UNDECLARED_SELECTOR = YES;
				GCC_WARN_UNINITIALIZED_AUTOS = YES_AGGRESSIVE;
				GCC_WARN_UNUSED_FUNCTION = YES;
				GCC_WARN_UNUSED_VARIABLE = YES;
				MACOSX_DEPLOYMENT_TARGET = 10.13;
				MTL_ENABLE_DEBUG_INFO = NO;
				SDKROOT = macosx;
				SWIFT_OPTIMIZATION_LEVEL = "-Owholemodule";
			};
			name = Release;
		};
		B892053E1F9F9DC90051B1E5 /* Debug */ = {
			isa = XCBuildConfiguration;
			buildSettings = {
				CODE_SIGN_STYLE = Automatic;
				PRODUCT_NAME = "$(TARGET_NAME)";
				SWIFT_VERSION = 4.0;
			};
			name = Debug;
		};
		B892053F1F9F9DC90051B1E5 /* Release */ = {
			isa = XCBuildConfiguration;
			buildSettings = {
				CODE_SIGN_STYLE = Automatic;
				PRODUCT_NAME = "$(TARGET_NAME)";
				SWIFT_VERSION = 4.0;
			};
			name = Release;
		};
		B89205541FA0EB990051B1E5 /* Debug */ = {
			isa = XCBuildConfiguration;
			buildSettings = {
				CODE_SIGN_STYLE = Automatic;
				PRODUCT_NAME = "$(TARGET_NAME)";
				SWIFT_VERSION = 4.0;
			};
			name = Debug;
		};
		B89205551FA0EB990051B1E5 /* Release */ = {
			isa = XCBuildConfiguration;
			buildSettings = {
				CODE_SIGN_STYLE = Automatic;
				PRODUCT_NAME = "$(TARGET_NAME)";
				SWIFT_VERSION = 4.0;
			};
			name = Release;
		};
		B89205931FA77EBD0051B1E5 /* Debug */ = {
			isa = XCBuildConfiguration;
			buildSettings = {
				CODE_SIGN_STYLE = Automatic;
				PRODUCT_NAME = "$(TARGET_NAME)";
				SWIFT_VERSION = 4.0;
			};
			name = Debug;
		};
		B89205941FA77EBD0051B1E5 /* Release */ = {
			isa = XCBuildConfiguration;
			buildSettings = {
				CODE_SIGN_STYLE = Automatic;
				PRODUCT_NAME = "$(TARGET_NAME)";
				SWIFT_VERSION = 4.0;
			};
			name = Release;
		};
		B892059E1FA783900051B1E5 /* Debug */ = {
			isa = XCBuildConfiguration;
			buildSettings = {
				CODE_SIGN_STYLE = Automatic;
				PRODUCT_NAME = "$(TARGET_NAME)";
				SWIFT_VERSION = 4.0;
			};
			name = Debug;
		};
		B892059F1FA783900051B1E5 /* Release */ = {
			isa = XCBuildConfiguration;
			buildSettings = {
				CODE_SIGN_STYLE = Automatic;
				PRODUCT_NAME = "$(TARGET_NAME)";
				SWIFT_VERSION = 4.0;
			};
			name = Release;
		};
		B89205A91FA8C0830051B1E5 /* Debug */ = {
			isa = XCBuildConfiguration;
			buildSettings = {
				CODE_SIGN_STYLE = Automatic;
				PRODUCT_NAME = "$(TARGET_NAME)";
				SWIFT_VERSION = 4.0;
			};
			name = Debug;
		};
		B89205AA1FA8C0830051B1E5 /* Release */ = {
			isa = XCBuildConfiguration;
			buildSettings = {
				CODE_SIGN_STYLE = Automatic;
				PRODUCT_NAME = "$(TARGET_NAME)";
				SWIFT_VERSION = 4.0;
			};
			name = Release;
		};
		B89205B41FA8C73A0051B1E5 /* Debug */ = {
			isa = XCBuildConfiguration;
			buildSettings = {
				CODE_SIGN_STYLE = Automatic;
				PRODUCT_NAME = "$(TARGET_NAME)";
				SWIFT_VERSION = 4.0;
			};
			name = Debug;
		};
		B89205B51FA8C73A0051B1E5 /* Release */ = {
			isa = XCBuildConfiguration;
			buildSettings = {
				CODE_SIGN_STYLE = Automatic;
				PRODUCT_NAME = "$(TARGET_NAME)";
				SWIFT_VERSION = 4.0;
			};
			name = Release;
		};
		B89205BF1FA8D2C30051B1E5 /* Debug */ = {
			isa = XCBuildConfiguration;
			buildSettings = {
				CODE_SIGN_STYLE = Automatic;
				PRODUCT_NAME = "$(TARGET_NAME)";
				SWIFT_VERSION = 4.0;
			};
			name = Debug;
		};
		B89205C01FA8D2C30051B1E5 /* Release */ = {
			isa = XCBuildConfiguration;
			buildSettings = {
				CODE_SIGN_STYLE = Automatic;
				PRODUCT_NAME = "$(TARGET_NAME)";
				SWIFT_VERSION = 4.0;
			};
			name = Release;
		};
		B8CC92EE1FAA0D2D009A9ADC /* Debug */ = {
			isa = XCBuildConfiguration;
			buildSettings = {
				CODE_SIGN_STYLE = Automatic;
				PRODUCT_NAME = "$(TARGET_NAME)";
				SWIFT_VERSION = 4.0;
			};
			name = Debug;
		};
		B8CC92EF1FAA0D2D009A9ADC /* Release */ = {
			isa = XCBuildConfiguration;
			buildSettings = {
				CODE_SIGN_STYLE = Automatic;
				PRODUCT_NAME = "$(TARGET_NAME)";
				SWIFT_VERSION = 4.0;
			};
			name = Release;
		};
		B8CC92FA1FAA1945009A9ADC /* Debug */ = {
			isa = XCBuildConfiguration;
			buildSettings = {
				CODE_SIGN_STYLE = Automatic;
				PRODUCT_NAME = "$(TARGET_NAME)";
				SWIFT_VERSION = 4.0;
			};
			name = Debug;
		};
		B8CC92FB1FAA1945009A9ADC /* Release */ = {
			isa = XCBuildConfiguration;
			buildSettings = {
				CODE_SIGN_STYLE = Automatic;
				PRODUCT_NAME = "$(TARGET_NAME)";
				SWIFT_VERSION = 4.0;
			};
			name = Release;
		};
		B8CD14781FB0A0DD0058B1D0 /* Debug */ = {
			isa = XCBuildConfiguration;
			buildSettings = {
				CODE_SIGN_STYLE = Automatic;
				PRODUCT_NAME = "$(TARGET_NAME)";
				SWIFT_VERSION = 4.0;
			};
			name = Debug;
		};
		B8CD14791FB0A0DD0058B1D0 /* Release */ = {
			isa = XCBuildConfiguration;
			buildSettings = {
				CODE_SIGN_STYLE = Automatic;
				PRODUCT_NAME = "$(TARGET_NAME)";
				SWIFT_VERSION = 4.0;
			};
			name = Release;
		};
		B8CD14841FB0A6650058B1D0 /* Debug */ = {
			isa = XCBuildConfiguration;
			buildSettings = {
				CODE_SIGN_STYLE = Automatic;
				PRODUCT_NAME = "$(TARGET_NAME)";
				SWIFT_VERSION = 4.0;
			};
			name = Debug;
		};
		B8CD14851FB0A6650058B1D0 /* Release */ = {
			isa = XCBuildConfiguration;
			buildSettings = {
				CODE_SIGN_STYLE = Automatic;
				PRODUCT_NAME = "$(TARGET_NAME)";
				SWIFT_VERSION = 4.0;
			};
			name = Release;
		};
		B8CD148F1FB0AE1A0058B1D0 /* Debug */ = {
			isa = XCBuildConfiguration;
			buildSettings = {
				CODE_SIGN_STYLE = Automatic;
				PRODUCT_NAME = "$(TARGET_NAME)";
				SWIFT_VERSION = 4.0;
			};
			name = Debug;
		};
		B8CD14901FB0AE1A0058B1D0 /* Release */ = {
			isa = XCBuildConfiguration;
			buildSettings = {
				CODE_SIGN_STYLE = Automatic;
				PRODUCT_NAME = "$(TARGET_NAME)";
				SWIFT_VERSION = 4.0;
			};
			name = Release;
		};
/* End XCBuildConfiguration section */

/* Begin XCConfigurationList section */
		B810EEB91FACB9C00032689B /* Build configuration list for PBXNativeTarget "12_function" */ = {
			isa = XCConfigurationList;
			buildConfigurations = (
				B810EEB71FACB9C00032689B /* Debug */,
				B810EEB81FACB9C00032689B /* Release */,
			);
			defaultConfigurationIsVisible = 0;
			defaultConfigurationName = Release;
		};
		B88E77791FAA1F210075BFB6 /* Build configuration list for PBXNativeTarget "10_literal" */ = {
			isa = XCConfigurationList;
			buildConfigurations = (
				B88E77771FAA1F210075BFB6 /* Debug */,
				B88E77781FAA1F210075BFB6 /* Release */,
			);
			defaultConfigurationIsVisible = 0;
			defaultConfigurationName = Release;
		};
		B88E77841FAB67050075BFB6 /* Build configuration list for PBXNativeTarget "11_subscript" */ = {
			isa = XCConfigurationList;
			buildConfigurations = (
				B88E77821FAB67050075BFB6 /* Debug */,
				B88E77831FAB67050075BFB6 /* Release */,
			);
			defaultConfigurationIsVisible = 0;
			defaultConfigurationName = Release;
		};
		B89205311F9F9DC90051B1E5 /* Build configuration list for PBXProject "SwiftTips" */ = {
			isa = XCConfigurationList;
			buildConfigurations = (
				B892053B1F9F9DC90051B1E5 /* Debug */,
				B892053C1F9F9DC90051B1E5 /* Release */,
			);
			defaultConfigurationIsVisible = 0;
			defaultConfigurationName = Release;
		};
		B892053D1F9F9DC90051B1E5 /* Build configuration list for PBXNativeTarget "SwiftTips" */ = {
			isa = XCConfigurationList;
			buildConfigurations = (
				B892053E1F9F9DC90051B1E5 /* Debug */,
				B892053F1F9F9DC90051B1E5 /* Release */,
			);
			defaultConfigurationIsVisible = 0;
			defaultConfigurationName = Release;
		};
		B89205531FA0EB990051B1E5 /* Build configuration list for PBXNativeTarget "02_protocol_mutating" */ = {
			isa = XCConfigurationList;
			buildConfigurations = (
				B89205541FA0EB990051B1E5 /* Debug */,
				B89205551FA0EB990051B1E5 /* Release */,
			);
			defaultConfigurationIsVisible = 0;
			defaultConfigurationName = Release;
		};
		B89205921FA77EBD0051B1E5 /* Build configuration list for PBXNativeTarget "03_sequence" */ = {
			isa = XCConfigurationList;
			buildConfigurations = (
				B89205931FA77EBD0051B1E5 /* Debug */,
				B89205941FA77EBD0051B1E5 /* Release */,
			);
			defaultConfigurationIsVisible = 0;
			defaultConfigurationName = Release;
		};
		B892059D1FA783900051B1E5 /* Build configuration list for PBXNativeTarget "04_mutiTuple" */ = {
			isa = XCConfigurationList;
			buildConfigurations = (
				B892059E1FA783900051B1E5 /* Debug */,
				B892059F1FA783900051B1E5 /* Release */,
			);
			defaultConfigurationIsVisible = 0;
			defaultConfigurationName = Release;
		};
		B89205A81FA8C0830051B1E5 /* Build configuration list for PBXNativeTarget "05_autoclosure_??" */ = {
			isa = XCConfigurationList;
			buildConfigurations = (
				B89205A91FA8C0830051B1E5 /* Debug */,
				B89205AA1FA8C0830051B1E5 /* Release */,
			);
			defaultConfigurationIsVisible = 0;
			defaultConfigurationName = Release;
		};
		B89205B31FA8C73A0051B1E5 /* Build configuration list for PBXNativeTarget "06_escaping" */ = {
			isa = XCConfigurationList;
			buildConfigurations = (
				B89205B41FA8C73A0051B1E5 /* Debug */,
				B89205B51FA8C73A0051B1E5 /* Release */,
			);
			defaultConfigurationIsVisible = 0;
			defaultConfigurationName = Release;
		};
		B89205BE1FA8D2C30051B1E5 /* Build configuration list for PBXNativeTarget "07_optional chaining" */ = {
			isa = XCConfigurationList;
			buildConfigurations = (
				B89205BF1FA8D2C30051B1E5 /* Debug */,
				B89205C01FA8D2C30051B1E5 /* Release */,
			);
			defaultConfigurationIsVisible = 0;
			defaultConfigurationName = Release;
		};
		B8CC92F01FAA0D2D009A9ADC /* Build configuration list for PBXNativeTarget "08_operator" */ = {
			isa = XCConfigurationList;
			buildConfigurations = (
				B8CC92EE1FAA0D2D009A9ADC /* Debug */,
				B8CC92EF1FAA0D2D009A9ADC /* Release */,
			);
			defaultConfigurationIsVisible = 0;
			defaultConfigurationName = Release;
		};
		B8CC92F91FAA1945009A9ADC /* Build configuration list for PBXNativeTarget "09_function" */ = {
			isa = XCConfigurationList;
			buildConfigurations = (
				B8CC92FA1FAA1945009A9ADC /* Debug */,
				B8CC92FB1FAA1945009A9ADC /* Release */,
			);
			defaultConfigurationIsVisible = 0;
			defaultConfigurationName = Release;
		};
		B8CD147A1FB0A0DE0058B1D0 /* Build configuration list for PBXNativeTarget "13_typealias" */ = {
			isa = XCConfigurationList;
			buildConfigurations = (
				B8CD14781FB0A0DD0058B1D0 /* Debug */,
				B8CD14791FB0A0DD0058B1D0 /* Release */,
			);
			defaultConfigurationIsVisible = 0;
			defaultConfigurationName = Release;
		};
		B8CD14831FB0A6650058B1D0 /* Build configuration list for PBXNativeTarget "14_associatedtype" */ = {
			isa = XCConfigurationList;
			buildConfigurations = (
				B8CD14841FB0A6650058B1D0 /* Debug */,
				B8CD14851FB0A6650058B1D0 /* Release */,
			);
			defaultConfigurationIsVisible = 0;
			defaultConfigurationName = Release;
		};
		B8CD148E1FB0AE1A0058B1D0 /* Build configuration list for PBXNativeTarget "15_mutiparamter" */ = {
			isa = XCConfigurationList;
			buildConfigurations = (
				B8CD148F1FB0AE1A0058B1D0 /* Debug */,
				B8CD14901FB0AE1A0058B1D0 /* Release */,
			);
			defaultConfigurationIsVisible = 0;
			defaultConfigurationName = Release;
		};
/* End XCConfigurationList section */
	};
	rootObject = B892052E1F9F9DC90051B1E5 /* Project object */;
}
