// !$*UTF8*$!
{
	archiveVersion = 1;
	classes = {
	};
	objectVersion = 46;
	objects = {

/* Begin PBXBuildFile section */
		B82251791BB996A1008EF5B0 /* AppDelegate.swift in Sources */ = {isa = PBXBuildFile; fileRef = B82251781BB996A1008EF5B0 /* AppDelegate.swift */; };
		B822517B1BB996A1008EF5B0 /* ViewController.swift in Sources */ = {isa = PBXBuildFile; fileRef = B822517A1BB996A1008EF5B0 /* ViewController.swift */; };
		B822517E1BB996A1008EF5B0 /* Main.storyboard in Resources */ = {isa = PBXBuildFile; fileRef = B822517C1BB996A1008EF5B0 /* Main.storyboard */; };
		B82251801BB996A1008EF5B0 /* Images.xcassets in Resources */ = {isa = PBXBuildFile; fileRef = B822517F1BB996A1008EF5B0 /* Images.xcassets */; };
		B82251831BB996A1008EF5B0 /* LaunchScreen.xib in Resources */ = {isa = PBXBuildFile; fileRef = B82251811BB996A1008EF5B0 /* LaunchScreen.xib */; };
		B822518F1BB996A1008EF5B0 /* UINavgationControllerDemo2Tests.swift in Sources */ = {isa = PBXBuildFile; fileRef = B822518E1BB996A1008EF5B0 /* UINavgationControllerDemo2Tests.swift */; };
		B82251991BB999BA008EF5B0 /* ViewController2.swift in Sources */ = {isa = PBXBuildFile; fileRef = B82251981BB999BA008EF5B0 /* ViewController2.swift */; };
/* End PBXBuildFile section */

/* Begin PBXContainerItemProxy section */
		B82251891BB996A1008EF5B0 /* PBXContainerItemProxy */ = {
			isa = PBXContainerItemProxy;
			containerPortal = B822516B1BB996A1008EF5B0 /* Project object */;
			proxyType = 1;
			remoteGlobalIDString = B82251721BB996A1008EF5B0;
			remoteInfo = UINavgationControllerDemo2;
		};
/* End PBXContainerItemProxy section */

/* Begin PBXFileReference section */
		B82251731BB996A1008EF5B0 /* UINavgationControllerDemo2.app */ = {isa = PBXFileReference; explicitFileType = wrapper.application; includeInIndex = 0; path = UINavgationControllerDemo2.app; sourceTree = BUILT_PRODUCTS_DIR; };
		B82251771BB996A1008EF5B0 /* Info.plist */ = {isa = PBXFileReference; lastKnownFileType = text.plist.xml; path = Info.plist; sourceTree = "<group>"; };
		B82251781BB996A1008EF5B0 /* AppDelegate.swift */ = {isa = PBXFileReference; lastKnownFileType = sourcecode.swift; path = AppDelegate.swift; sourceTree = "<group>"; };
		B822517A1BB996A1008EF5B0 /* ViewController.swift */ = {isa = PBXFileReference; lastKnownFileType = sourcecode.swift; path = ViewController.swift; sourceTree = "<group>"; };
		B822517D1BB996A1008EF5B0 /* Base */ = {isa = PBXFileReference; lastKnownFileType = file.storyboard; name = Base; path = Base.lproj/Main.storyboard; sourceTree = "<group>"; };
		B822517F1BB996A1008EF5B0 /* Images.xcassets */ = {isa = PBXFileReference; lastKnownFileType = folder.assetcatalog; path = Images.xcassets; sourceTree = "<group>"; };
		B82251821BB996A1008EF5B0 /* Base */ = {isa = PBXFileReference; lastKnownFileType = file.xib; name = Base; path = Base.lproj/LaunchScreen.xib; sourceTree = "<group>"; };
		B82251881BB996A1008EF5B0 /* UINavgationControllerDemo2Tests.xctest */ = {isa = PBXFileReference; explicitFileType = wrapper.cfbundle; includeInIndex = 0; path = UINavgationControllerDemo2Tests.xctest; sourceTree = BUILT_PRODUCTS_DIR; };
		B822518D1BB996A1008EF5B0 /* Info.plist */ = {isa = PBXFileReference; lastKnownFileType = text.plist.xml; path = Info.plist; sourceTree = "<group>"; };
		B822518E1BB996A1008EF5B0 /* UINavgationControllerDemo2Tests.swift */ = {isa = PBXFileReference; lastKnownFileType = sourcecode.swift; path = UINavgationControllerDemo2Tests.swift; sourceTree = "<group>"; };
		B82251981BB999BA008EF5B0 /* ViewController2.swift */ = {isa = PBXFileReference; fileEncoding = 4; lastKnownFileType = sourcecode.swift; path = ViewController2.swift; sourceTree = "<group>"; };
/* End PBXFileReference section */

/* Begin PBXFrameworksBuildPhase section */
		B82251701BB996A1008EF5B0 /* Frameworks */ = {
			isa = PBXFrameworksBuildPhase;
			buildActionMask = 2147483647;
			files = (
			);
			runOnlyForDeploymentPostprocessing = 0;
		};
		B82251851BB996A1008EF5B0 /* Frameworks */ = {
			isa = PBXFrameworksBuildPhase;
			buildActionMask = 2147483647;
			files = (
			);
			runOnlyForDeploymentPostprocessing = 0;
		};
/* End PBXFrameworksBuildPhase section */

/* Begin PBXGroup section */
		B822516A1BB996A1008EF5B0 = {
			isa = PBXGroup;
			children = (
				B82251751BB996A1008EF5B0 /* UINavgationControllerDemo2 */,
				B822518B1BB996A1008EF5B0 /* UINavgationControllerDemo2Tests */,
				B82251741BB996A1008EF5B0 /* Products */,
			);
			sourceTree = "<group>";
		};
		B82251741BB996A1008EF5B0 /* Products */ = {
			isa = PBXGroup;
			children = (
				B82251731BB996A1008EF5B0 /* UINavgationControllerDemo2.app */,
				B82251881BB996A1008EF5B0 /* UINavgationControllerDemo2Tests.xctest */,
			);
			name = Products;
			sourceTree = "<group>";
		};
		B82251751BB996A1008EF5B0 /* UINavgationControllerDemo2 */ = {
			isa = PBXGroup;
			children = (
				B82251781BB996A1008EF5B0 /* AppDelegate.swift */,
				B822517A1BB996A1008EF5B0 /* ViewController.swift */,
				B822517C1BB996A1008EF5B0 /* Main.storyboard */,
				B82251981BB999BA008EF5B0 /* ViewController2.swift */,
				B822517F1BB996A1008EF5B0 /* Images.xcassets */,
				B82251811BB996A1008EF5B0 /* LaunchScreen.xib */,
				B82251761BB996A1008EF5B0 /* Supporting Files */,
			);
			path = UINavgationControllerDemo2;
			sourceTree = "<group>";
		};
		B82251761BB996A1008EF5B0 /* Supporting Files */ = {
			isa = PBXGroup;
			children = (
				B82251771BB996A1008EF5B0 /* Info.plist */,
			);
			name = "Supporting Files";
			sourceTree = "<group>";
		};
		B822518B1BB996A1008EF5B0 /* UINavgationControllerDemo2Tests */ = {
			isa = PBXGroup;
			children = (
				B822518E1BB996A1008EF5B0 /* UINavgationControllerDemo2Tests.swift */,
				B822518C1BB996A1008EF5B0 /* Supporting Files */,
			);
			path = UINavgationControllerDemo2Tests;
			sourceTree = "<group>";
		};
		B822518C1BB996A1008EF5B0 /* Supporting Files */ = {
			isa = PBXGroup;
			children = (
				B822518D1BB996A1008EF5B0 /* Info.plist */,
			);
			name = "Supporting Files";
			sourceTree = "<group>";
		};
/* End PBXGroup section */

/* Begin PBXNativeTarget section */
		B82251721BB996A1008EF5B0 /* UINavgationControllerDemo2 */ = {
			isa = PBXNativeTarget;
			buildConfigurationList = B82251921BB996A1008EF5B0 /* Build configuration list for PBXNativeTarget "UINavgationControllerDemo2" */;
			buildPhases = (
				B822516F1BB996A1008EF5B0 /* Sources */,
				B82251701BB996A1008EF5B0 /* Frameworks */,
				B82251711BB996A1008EF5B0 /* Resources */,
			);
			buildRules = (
			);
			dependencies = (
			);
			name = UINavgationControllerDemo2;
			productName = UINavgationControllerDemo2;
			productReference = B82251731BB996A1008EF5B0 /* UINavgationControllerDemo2.app */;
			productType = "com.apple.product-type.application";
		};
		B82251871BB996A1008EF5B0 /* UINavgationControllerDemo2Tests */ = {
			isa = PBXNativeTarget;
			buildConfigurationList = B82251951BB996A1008EF5B0 /* Build configuration list for PBXNativeTarget "UINavgationControllerDemo2Tests" */;
			buildPhases = (
				B82251841BB996A1008EF5B0 /* Sources */,
				B82251851BB996A1008EF5B0 /* Frameworks */,
				B82251861BB996A1008EF5B0 /* Resources */,
			);
			buildRules = (
			);
			dependencies = (
				B822518A1BB996A1008EF5B0 /* PBXTargetDependency */,
			);
			name = UINavgationControllerDemo2Tests;
			productName = UINavgationControllerDemo2Tests;
			productReference = B82251881BB996A1008EF5B0 /* UINavgationControllerDemo2Tests.xctest */;
			productType = "com.apple.product-type.bundle.unit-test";
		};
/* End PBXNativeTarget section */

/* Begin PBXProject section */
		B822516B1BB996A1008EF5B0 /* Project object */ = {
			isa = PBXProject;
			attributes = {
				LastUpgradeCheck = 0640;
				ORGANIZATIONNAME = YouHuaPei;
				TargetAttributes = {
					B82251721BB996A1008EF5B0 = {
						CreatedOnToolsVersion = 6.4;
					};
					B82251871BB996A1008EF5B0 = {
						CreatedOnToolsVersion = 6.4;
						TestTargetID = B82251721BB996A1008EF5B0;
					};
				};
			};
			buildConfigurationList = B822516E1BB996A1008EF5B0 /* Build configuration list for PBXProject "UINavgationControllerDemo2" */;
			compatibilityVersion = "Xcode 3.2";
			developmentRegion = English;
			hasScannedForEncodings = 0;
			knownRegions = (
				en,
				Base,
			);
			mainGroup = B822516A1BB996A1008EF5B0;
			productRefGroup = B82251741BB996A1008EF5B0 /* Products */;
			projectDirPath = "";
			projectRoot = "";
			targets = (
				B82251721BB996A1008EF5B0 /* UINavgationControllerDemo2 */,
				B82251871BB996A1008EF5B0 /* UINavgationControllerDemo2Tests */,
			);
		};
/* End PBXProject section */

/* Begin PBXResourcesBuildPhase section */
		B82251711BB996A1008EF5B0 /* Resources */ = {
			isa = PBXResourcesBuildPhase;
			buildActionMask = 2147483647;
			files = (
				B822517E1BB996A1008EF5B0 /* Main.storyboard in Resources */,
				B82251831BB996A1008EF5B0 /* LaunchScreen.xib in Resources */,
				B82251801BB996A1008EF5B0 /* Images.xcassets in Resources */,
			);
			runOnlyForDeploymentPostprocessing = 0;
		};
		B82251861BB996A1008EF5B0 /* Resources */ = {
			isa = PBXResourcesBuildPhase;
			buildActionMask = 2147483647;
			files = (
			);
			runOnlyForDeploymentPostprocessing = 0;
		};
/* End PBXResourcesBuildPhase section */

/* Begin PBXSourcesBuildPhase section */
		B822516F1BB996A1008EF5B0 /* Sources */ = {
			isa = PBXSourcesBuildPhase;
			buildActionMask = 2147483647;
			files = (
				B822517B1BB996A1008EF5B0 /* ViewController.swift in Sources */,
				B82251791BB996A1008EF5B0 /* AppDelegate.swift in Sources */,
				B82251991BB999BA008EF5B0 /* ViewController2.swift in Sources */,
			);
			runOnlyForDeploymentPostprocessing = 0;
		};
		B82251841BB996A1008EF5B0 /* Sources */ = {
			isa = PBXSourcesBuildPhase;
			buildActionMask = 2147483647;
			files = (
				B822518F1BB996A1008EF5B0 /* UINavgationControllerDemo2Tests.swift in Sources */,
			);
			runOnlyForDeploymentPostprocessing = 0;
		};
/* End PBXSourcesBuildPhase section */

/* Begin PBXTargetDependency section */
		B822518A1BB996A1008EF5B0 /* PBXTargetDependency */ = {
			isa = PBXTargetDependency;
			target = B82251721BB996A1008EF5B0 /* UINavgationControllerDemo2 */;
			targetProxy = B82251891BB996A1008EF5B0 /* PBXContainerItemProxy */;
		};
/* End PBXTargetDependency section */

/* Begin PBXVariantGroup section */
		B822517C1BB996A1008EF5B0 /* Main.storyboard */ = {
			isa = PBXVariantGroup;
			children = (
				B822517D1BB996A1008EF5B0 /* Base */,
			);
			name = Main.storyboard;
			sourceTree = "<group>";
		};
		B82251811BB996A1008EF5B0 /* LaunchScreen.xib */ = {
			isa = PBXVariantGroup;
			children = (
				B82251821BB996A1008EF5B0 /* Base */,
			);
			name = LaunchScreen.xib;
			sourceTree = "<group>";
		};
/* End PBXVariantGroup section */

/* Begin XCBuildConfiguration section */
		B82251901BB996A1008EF5B0 /* Debug */ = {
			isa = XCBuildConfiguration;
			buildSettings = {
				ALWAYS_SEARCH_USER_PATHS = NO;
				CLANG_CXX_LANGUAGE_STANDARD = "gnu++0x";
				CLANG_CXX_LIBRARY = "libc++";
				CLANG_ENABLE_MODULES = YES;
				CLANG_ENABLE_OBJC_ARC = YES;
				CLANG_WARN_BOOL_CONVERSION = YES;
				CLANG_WARN_CONSTANT_CONVERSION = YES;
				CLANG_WARN_DIRECT_OBJC_ISA_USAGE = YES_ERROR;
				CLANG_WARN_EMPTY_BODY = YES;
				CLANG_WARN_ENUM_CONVERSION = YES;
				CLANG_WARN_INT_CONVERSION = YES;
				CLANG_WARN_OBJC_ROOT_CLASS = YES_ERROR;
				CLANG_WARN_UNREACHABLE_CODE = YES;
				CLANG_WARN__DUPLICATE_METHOD_MATCH = YES;
				"CODE_SIGN_IDENTITY[sdk=iphoneos*]" = "iPhone Developer";
				COPY_PHASE_STRIP = NO;
				DEBUG_INFORMATION_FORMAT = "dwarf-with-dsym";
				ENABLE_STRICT_OBJC_MSGSEND = YES;
				GCC_C_LANGUAGE_STANDARD = gnu99;
				GCC_DYNAMIC_NO_PIC = NO;
				GCC_NO_COMMON_BLOCKS = YES;
				GCC_OPTIMIZATION_LEVEL = 0;
				GCC_PREPROCESSOR_DEFINITIONS = (
					"DEBUG=1",
					"$(inherited)",
				);
				GCC_SYMBOLS_PRIVATE_EXTERN = NO;
				GCC_WARN_64_TO_32_BIT_CONVERSION = YES;
				GCC_WARN_ABOUT_RETURN_TYPE = YES_ERROR;
				GCC_WARN_UNDECLARED_SELECTOR = YES;
				GCC_WARN_UNINITIALIZED_AUTOS = YES_AGGRESSIVE;
				GCC_WARN_UNUSED_FUNCTION = YES;
				GCC_WARN_UNUSED_VARIABLE = YES;
				IPHONEOS_DEPLOYMENT_TARGET = 8.4;
				MTL_ENABLE_DEBUG_INFO = YES;
				ONLY_ACTIVE_ARCH = YES;
				SDKROOT = iphoneos;
				SWIFT_OPTIMIZATION_LEVEL = "-Onone";
				TARGETED_DEVICE_FAMILY = "1,2";
			};
			name = Debug;
		};
		B82251911BB996A1008EF5B0 /* Release */ = {
			isa = XCBuildConfiguration;
			buildSettings = {
				ALWAYS_SEARCH_USER_PATHS = NO;
				CLANG_CXX_LANGUAGE_STANDARD = "gnu++0x";
				CLANG_CXX_LIBRARY = "libc++";
				CLANG_ENABLE_MODULES = YES;
				CLANG_ENABLE_OBJC_ARC = YES;
				CLANG_WARN_BOOL_CONVERSION = YES;
				CLANG_WARN_CONSTANT_CONVERSION = YES;
				CLANG_WARN_DIRECT_OBJC_ISA_USAGE = YES_ERROR;
				CLANG_WARN_EMPTY_BODY = YES;
				CLANG_WARN_ENUM_CONVERSION = YES;
				CLANG_WARN_INT_CONVERSION = YES;
				CLANG_WARN_OBJC_ROOT_CLASS = YES_ERROR;
				CLANG_WARN_UNREACHABLE_CODE = YES;
				CLANG_WARN__DUPLICATE_METHOD_MATCH = YES;
				"CODE_SIGN_IDENTITY[sdk=iphoneos*]" = "iPhone Developer";
				COPY_PHASE_STRIP = NO;
				DEBUG_INFORMATION_FORMAT = "dwarf-with-dsym";
				ENABLE_NS_ASSERTIONS = NO;
				ENABLE_STRICT_OBJC_MSGSEND = YES;
				GCC_C_LANGUAGE_STANDARD = gnu99;
				GCC_NO_COMMON_BLOCKS = YES;
				GCC_WARN_64_TO_32_BIT_CONVERSION = YES;
				GCC_WARN_ABOUT_RETURN_TYPE = YES_ERROR;
				GCC_WARN_UNDECLARED_SELECTOR = YES;
				GCC_WARN_UNINITIALIZED_AUTOS = YES_AGGRESSIVE;
				GCC_WARN_UNUSED_FUNCTION = YES;
				GCC_WARN_UNUSED_VARIABLE = YES;
				IPHONEOS_DEPLOYMENT_TARGET = 8.4;
				MTL_ENABLE_DEBUG_INFO = NO;
				SDKROOT = iphoneos;
				TARGETED_DEVICE_FAMILY = "1,2";
				VALIDATE_PRODUCT = YES;
			};
			name = Release;
		};
		B82251931BB996A1008EF5B0 /* Debug */ = {
			isa = XCBuildConfiguration;
			buildSettings = {
				ASSETCATALOG_COMPILER_APPICON_NAME = AppIcon;
				INFOPLIST_FILE = UINavgationControllerDemo2/Info.plist;
				LD_RUNPATH_SEARCH_PATHS = "$(inherited) @executable_path/Frameworks";
				PRODUCT_NAME = "$(TARGET_NAME)";
			};
			name = Debug;
		};
		B82251941BB996A1008EF5B0 /* Release */ = {
			isa = XCBuildConfiguration;
			buildSettings = {
				ASSETCATALOG_COMPILER_APPICON_NAME = AppIcon;
				INFOPLIST_FILE = UINavgationControllerDemo2/Info.plist;
				LD_RUNPATH_SEARCH_PATHS = "$(inherited) @executable_path/Frameworks";
				PRODUCT_NAME = "$(TARGET_NAME)";
			};
			name = Release;
		};
		B82251961BB996A1008EF5B0 /* Debug */ = {
			isa = XCBuildConfiguration;
			buildSettings = {
				BUNDLE_LOADER = "$(TEST_HOST)";
				FRAMEWORK_SEARCH_PATHS = (
					"$(SDKROOT)/Developer/Library/Frameworks",
					"$(inherited)",
				);
				GCC_PREPROCESSOR_DEFINITIONS = (
					"DEBUG=1",
					"$(inherited)",
				);
				INFOPLIST_FILE = UINavgationControllerDemo2Tests/Info.plist;
				LD_RUNPATH_SEARCH_PATHS = "$(inherited) @executable_path/Frameworks @loader_path/Frameworks";
				PRODUCT_NAME = "$(TARGET_NAME)";
				TEST_HOST = "$(BUILT_PRODUCTS_DIR)/UINavgationControllerDemo2.app/UINavgationControllerDemo2";
			};
			name = Debug;
		};
		B82251971BB996A1008EF5B0 /* Release */ = {
			isa = XCBuildConfiguration;
			buildSettings = {
				BUNDLE_LOADER = "$(TEST_HOST)";
				FRAMEWORK_SEARCH_PATHS = (
					"$(SDKROOT)/Developer/Library/Frameworks",
					"$(inherited)",
				);
				INFOPLIST_FILE = UINavgationControllerDemo2Tests/Info.plist;
				LD_RUNPATH_SEARCH_PATHS = "$(inherited) @executable_path/Frameworks @loader_path/Frameworks";
				PRODUCT_NAME = "$(TARGET_NAME)";
				TEST_HOST = "$(BUILT_PRODUCTS_DIR)/UINavgationControllerDemo2.app/UINavgationControllerDemo2";
			};
			name = Release;
		};
/* End XCBuildConfiguration section */

/* Begin XCConfigurationList section */
		B822516E1BB996A1008EF5B0 /* Build configuration list for PBXProject "UINavgationControllerDemo2" */ = {
			isa = XCConfigurationList;
			buildConfigurations = (
				B82251901BB996A1008EF5B0 /* Debug */,
				B82251911BB996A1008EF5B0 /* Release */,
			);
			defaultConfigurationIsVisible = 0;
			defaultConfigurationName = Release;
		};
		B82251921BB996A1008EF5B0 /* Build configuration list for PBXNativeTarget "UINavgationControllerDemo2" */ = {
			isa = XCConfigurationList;
			buildConfigurations = (
				B82251931BB996A1008EF5B0 /* Debug */,
				B82251941BB996A1008EF5B0 /* Release */,
			);
			defaultConfigurationIsVisible = 0;
		};
		B82251951BB996A1008EF5B0 /* Build configuration list for PBXNativeTarget "UINavgationControllerDemo2Tests" */ = {
			isa = XCConfigurationList;
			buildConfigurations = (
				B82251961BB996A1008EF5B0 /* Debug */,
				B82251971BB996A1008EF5B0 /* Release */,
			);
			defaultConfigurationIsVisible = 0;
		};
/* End XCConfigurationList section */
	};
	rootObject = B822516B1BB996A1008EF5B0 /* Project object */;
}
