// !$*UTF8*$!
{
	archiveVersion = 1;
	classes = {
	};
	objectVersion = 46;
	objects = {

/* Begin PBXBuildFile section */
		B85023411DBE58250008239C /* AppDelegate.swift in Sources */ = {isa = PBXBuildFile; fileRef = B85023401DBE58250008239C /* AppDelegate.swift */; };
		B85023431DBE58250008239C /* ViewController.swift in Sources */ = {isa = PBXBuildFile; fileRef = B85023421DBE58250008239C /* ViewController.swift */; };
		B85023461DBE58250008239C /* Main.storyboard in Resources */ = {isa = PBXBuildFile; fileRef = B85023441DBE58250008239C /* Main.storyboard */; };
		B85023481DBE58250008239C /* Assets.xcassets in Resources */ = {isa = PBXBuildFile; fileRef = B85023471DBE58250008239C /* Assets.xcassets */; };
		B850234B1DBE58250008239C /* LaunchScreen.storyboard in Resources */ = {isa = PBXBuildFile; fileRef = B85023491DBE58250008239C /* LaunchScreen.storyboard */; };
		B85023561DBE58250008239C /* _0__________Tests.swift in Sources */ = {isa = PBXBuildFile; fileRef = B85023551DBE58250008239C /* _0__________Tests.swift */; };
		B85023611DBE58250008239C /* _0__________UITests.swift in Sources */ = {isa = PBXBuildFile; fileRef = B85023601DBE58250008239C /* _0__________UITests.swift */; };
/* End PBXBuildFile section */

/* Begin PBXContainerItemProxy section */
		B85023521DBE58250008239C /* PBXContainerItemProxy */ = {
			isa = PBXContainerItemProxy;
			containerPortal = B85023351DBE58250008239C /* Project object */;
			proxyType = 1;
			remoteGlobalIDString = B850233C1DBE58250008239C;
			remoteInfo = "10-闭包的返回值和参数";
		};
		B850235D1DBE58250008239C /* PBXContainerItemProxy */ = {
			isa = PBXContainerItemProxy;
			containerPortal = B85023351DBE58250008239C /* Project object */;
			proxyType = 1;
			remoteGlobalIDString = B850233C1DBE58250008239C;
			remoteInfo = "10-闭包的返回值和参数";
		};
/* End PBXContainerItemProxy section */

/* Begin PBXFileReference section */
		B850233D1DBE58250008239C /* 10-闭包的返回值和参数.app */ = {isa = PBXFileReference; explicitFileType = wrapper.application; includeInIndex = 0; path = "10-闭包的返回值和参数.app"; sourceTree = BUILT_PRODUCTS_DIR; };
		B85023401DBE58250008239C /* AppDelegate.swift */ = {isa = PBXFileReference; lastKnownFileType = sourcecode.swift; path = AppDelegate.swift; sourceTree = "<group>"; };
		B85023421DBE58250008239C /* ViewController.swift */ = {isa = PBXFileReference; lastKnownFileType = sourcecode.swift; path = ViewController.swift; sourceTree = "<group>"; };
		B85023451DBE58250008239C /* Base */ = {isa = PBXFileReference; lastKnownFileType = file.storyboard; name = Base; path = Base.lproj/Main.storyboard; sourceTree = "<group>"; };
		B85023471DBE58250008239C /* Assets.xcassets */ = {isa = PBXFileReference; lastKnownFileType = folder.assetcatalog; path = Assets.xcassets; sourceTree = "<group>"; };
		B850234A1DBE58250008239C /* Base */ = {isa = PBXFileReference; lastKnownFileType = file.storyboard; name = Base; path = Base.lproj/LaunchScreen.storyboard; sourceTree = "<group>"; };
		B850234C1DBE58250008239C /* Info.plist */ = {isa = PBXFileReference; lastKnownFileType = text.plist.xml; path = Info.plist; sourceTree = "<group>"; };
		B85023511DBE58250008239C /* 10-闭包的返回值和参数Tests.xctest */ = {isa = PBXFileReference; explicitFileType = wrapper.cfbundle; includeInIndex = 0; path = "10-闭包的返回值和参数Tests.xctest"; sourceTree = BUILT_PRODUCTS_DIR; };
		B85023551DBE58250008239C /* _0__________Tests.swift */ = {isa = PBXFileReference; lastKnownFileType = sourcecode.swift; path = "_0__________Tests.swift"; sourceTree = "<group>"; };
		B85023571DBE58250008239C /* Info.plist */ = {isa = PBXFileReference; lastKnownFileType = text.plist.xml; path = Info.plist; sourceTree = "<group>"; };
		B850235C1DBE58250008239C /* 10-闭包的返回值和参数UITests.xctest */ = {isa = PBXFileReference; explicitFileType = wrapper.cfbundle; includeInIndex = 0; path = "10-闭包的返回值和参数UITests.xctest"; sourceTree = BUILT_PRODUCTS_DIR; };
		B85023601DBE58250008239C /* _0__________UITests.swift */ = {isa = PBXFileReference; lastKnownFileType = sourcecode.swift; path = "_0__________UITests.swift"; sourceTree = "<group>"; };
		B85023621DBE58250008239C /* Info.plist */ = {isa = PBXFileReference; lastKnownFileType = text.plist.xml; path = Info.plist; sourceTree = "<group>"; };
/* End PBXFileReference section */

/* Begin PBXFrameworksBuildPhase section */
		B850233A1DBE58250008239C /* Frameworks */ = {
			isa = PBXFrameworksBuildPhase;
			buildActionMask = 2147483647;
			files = (
			);
			runOnlyForDeploymentPostprocessing = 0;
		};
		B850234E1DBE58250008239C /* Frameworks */ = {
			isa = PBXFrameworksBuildPhase;
			buildActionMask = 2147483647;
			files = (
			);
			runOnlyForDeploymentPostprocessing = 0;
		};
		B85023591DBE58250008239C /* Frameworks */ = {
			isa = PBXFrameworksBuildPhase;
			buildActionMask = 2147483647;
			files = (
			);
			runOnlyForDeploymentPostprocessing = 0;
		};
/* End PBXFrameworksBuildPhase section */

/* Begin PBXGroup section */
		B85023341DBE58250008239C = {
			isa = PBXGroup;
			children = (
				B850233F1DBE58250008239C /* 10-闭包的返回值和参数 */,
				B85023541DBE58250008239C /* 10-闭包的返回值和参数Tests */,
				B850235F1DBE58250008239C /* 10-闭包的返回值和参数UITests */,
				B850233E1DBE58250008239C /* Products */,
			);
			sourceTree = "<group>";
		};
		B850233E1DBE58250008239C /* Products */ = {
			isa = PBXGroup;
			children = (
				B850233D1DBE58250008239C /* 10-闭包的返回值和参数.app */,
				B85023511DBE58250008239C /* 10-闭包的返回值和参数Tests.xctest */,
				B850235C1DBE58250008239C /* 10-闭包的返回值和参数UITests.xctest */,
			);
			name = Products;
			sourceTree = "<group>";
		};
		B850233F1DBE58250008239C /* 10-闭包的返回值和参数 */ = {
			isa = PBXGroup;
			children = (
				B85023401DBE58250008239C /* AppDelegate.swift */,
				B85023421DBE58250008239C /* ViewController.swift */,
				B85023441DBE58250008239C /* Main.storyboard */,
				B85023471DBE58250008239C /* Assets.xcassets */,
				B85023491DBE58250008239C /* LaunchScreen.storyboard */,
				B850234C1DBE58250008239C /* Info.plist */,
			);
			path = "10-闭包的返回值和参数";
			sourceTree = "<group>";
		};
		B85023541DBE58250008239C /* 10-闭包的返回值和参数Tests */ = {
			isa = PBXGroup;
			children = (
				B85023551DBE58250008239C /* _0__________Tests.swift */,
				B85023571DBE58250008239C /* Info.plist */,
			);
			path = "10-闭包的返回值和参数Tests";
			sourceTree = "<group>";
		};
		B850235F1DBE58250008239C /* 10-闭包的返回值和参数UITests */ = {
			isa = PBXGroup;
			children = (
				B85023601DBE58250008239C /* _0__________UITests.swift */,
				B85023621DBE58250008239C /* Info.plist */,
			);
			path = "10-闭包的返回值和参数UITests";
			sourceTree = "<group>";
		};
/* End PBXGroup section */

/* Begin PBXNativeTarget section */
		B850233C1DBE58250008239C /* 10-闭包的返回值和参数 */ = {
			isa = PBXNativeTarget;
			buildConfigurationList = B85023651DBE58250008239C /* Build configuration list for PBXNativeTarget "10-闭包的返回值和参数" */;
			buildPhases = (
				B85023391DBE58250008239C /* Sources */,
				B850233A1DBE58250008239C /* Frameworks */,
				B850233B1DBE58250008239C /* Resources */,
			);
			buildRules = (
			);
			dependencies = (
			);
			name = "10-闭包的返回值和参数";
			productName = "10-闭包的返回值和参数";
			productReference = B850233D1DBE58250008239C /* 10-闭包的返回值和参数.app */;
			productType = "com.apple.product-type.application";
		};
		B85023501DBE58250008239C /* 10-闭包的返回值和参数Tests */ = {
			isa = PBXNativeTarget;
			buildConfigurationList = B85023681DBE58250008239C /* Build configuration list for PBXNativeTarget "10-闭包的返回值和参数Tests" */;
			buildPhases = (
				B850234D1DBE58250008239C /* Sources */,
				B850234E1DBE58250008239C /* Frameworks */,
				B850234F1DBE58250008239C /* Resources */,
			);
			buildRules = (
			);
			dependencies = (
				B85023531DBE58250008239C /* PBXTargetDependency */,
			);
			name = "10-闭包的返回值和参数Tests";
			productName = "10-闭包的返回值和参数Tests";
			productReference = B85023511DBE58250008239C /* 10-闭包的返回值和参数Tests.xctest */;
			productType = "com.apple.product-type.bundle.unit-test";
		};
		B850235B1DBE58250008239C /* 10-闭包的返回值和参数UITests */ = {
			isa = PBXNativeTarget;
			buildConfigurationList = B850236B1DBE58250008239C /* Build configuration list for PBXNativeTarget "10-闭包的返回值和参数UITests" */;
			buildPhases = (
				B85023581DBE58250008239C /* Sources */,
				B85023591DBE58250008239C /* Frameworks */,
				B850235A1DBE58250008239C /* Resources */,
			);
			buildRules = (
			);
			dependencies = (
				B850235E1DBE58250008239C /* PBXTargetDependency */,
			);
			name = "10-闭包的返回值和参数UITests";
			productName = "10-闭包的返回值和参数UITests";
			productReference = B850235C1DBE58250008239C /* 10-闭包的返回值和参数UITests.xctest */;
			productType = "com.apple.product-type.bundle.ui-testing";
		};
/* End PBXNativeTarget section */

/* Begin PBXProject section */
		B85023351DBE58250008239C /* Project object */ = {
			isa = PBXProject;
			attributes = {
				LastSwiftUpdateCheck = 0800;
				LastUpgradeCheck = 0800;
				ORGANIZATIONNAME = YouHuaPei;
				TargetAttributes = {
					B850233C1DBE58250008239C = {
						CreatedOnToolsVersion = 8.0;
						ProvisioningStyle = Automatic;
					};
					B85023501DBE58250008239C = {
						CreatedOnToolsVersion = 8.0;
						ProvisioningStyle = Automatic;
						TestTargetID = B850233C1DBE58250008239C;
					};
					B850235B1DBE58250008239C = {
						CreatedOnToolsVersion = 8.0;
						ProvisioningStyle = Automatic;
						TestTargetID = B850233C1DBE58250008239C;
					};
				};
			};
			buildConfigurationList = B85023381DBE58250008239C /* Build configuration list for PBXProject "10-闭包的返回值和参数" */;
			compatibilityVersion = "Xcode 3.2";
			developmentRegion = English;
			hasScannedForEncodings = 0;
			knownRegions = (
				en,
				Base,
			);
			mainGroup = B85023341DBE58250008239C;
			productRefGroup = B850233E1DBE58250008239C /* Products */;
			projectDirPath = "";
			projectRoot = "";
			targets = (
				B850233C1DBE58250008239C /* 10-闭包的返回值和参数 */,
				B85023501DBE58250008239C /* 10-闭包的返回值和参数Tests */,
				B850235B1DBE58250008239C /* 10-闭包的返回值和参数UITests */,
			);
		};
/* End PBXProject section */

/* Begin PBXResourcesBuildPhase section */
		B850233B1DBE58250008239C /* Resources */ = {
			isa = PBXResourcesBuildPhase;
			buildActionMask = 2147483647;
			files = (
				B850234B1DBE58250008239C /* LaunchScreen.storyboard in Resources */,
				B85023481DBE58250008239C /* Assets.xcassets in Resources */,
				B85023461DBE58250008239C /* Main.storyboard in Resources */,
			);
			runOnlyForDeploymentPostprocessing = 0;
		};
		B850234F1DBE58250008239C /* Resources */ = {
			isa = PBXResourcesBuildPhase;
			buildActionMask = 2147483647;
			files = (
			);
			runOnlyForDeploymentPostprocessing = 0;
		};
		B850235A1DBE58250008239C /* Resources */ = {
			isa = PBXResourcesBuildPhase;
			buildActionMask = 2147483647;
			files = (
			);
			runOnlyForDeploymentPostprocessing = 0;
		};
/* End PBXResourcesBuildPhase section */

/* Begin PBXSourcesBuildPhase section */
		B85023391DBE58250008239C /* Sources */ = {
			isa = PBXSourcesBuildPhase;
			buildActionMask = 2147483647;
			files = (
				B85023431DBE58250008239C /* ViewController.swift in Sources */,
				B85023411DBE58250008239C /* AppDelegate.swift in Sources */,
			);
			runOnlyForDeploymentPostprocessing = 0;
		};
		B850234D1DBE58250008239C /* Sources */ = {
			isa = PBXSourcesBuildPhase;
			buildActionMask = 2147483647;
			files = (
				B85023561DBE58250008239C /* _0__________Tests.swift in Sources */,
			);
			runOnlyForDeploymentPostprocessing = 0;
		};
		B85023581DBE58250008239C /* Sources */ = {
			isa = PBXSourcesBuildPhase;
			buildActionMask = 2147483647;
			files = (
				B85023611DBE58250008239C /* _0__________UITests.swift in Sources */,
			);
			runOnlyForDeploymentPostprocessing = 0;
		};
/* End PBXSourcesBuildPhase section */

/* Begin PBXTargetDependency section */
		B85023531DBE58250008239C /* PBXTargetDependency */ = {
			isa = PBXTargetDependency;
			target = B850233C1DBE58250008239C /* 10-闭包的返回值和参数 */;
			targetProxy = B85023521DBE58250008239C /* PBXContainerItemProxy */;
		};
		B850235E1DBE58250008239C /* PBXTargetDependency */ = {
			isa = PBXTargetDependency;
			target = B850233C1DBE58250008239C /* 10-闭包的返回值和参数 */;
			targetProxy = B850235D1DBE58250008239C /* PBXContainerItemProxy */;
		};
/* End PBXTargetDependency section */

/* Begin PBXVariantGroup section */
		B85023441DBE58250008239C /* Main.storyboard */ = {
			isa = PBXVariantGroup;
			children = (
				B85023451DBE58250008239C /* Base */,
			);
			name = Main.storyboard;
			sourceTree = "<group>";
		};
		B85023491DBE58250008239C /* LaunchScreen.storyboard */ = {
			isa = PBXVariantGroup;
			children = (
				B850234A1DBE58250008239C /* Base */,
			);
			name = LaunchScreen.storyboard;
			sourceTree = "<group>";
		};
/* End PBXVariantGroup section */

/* Begin XCBuildConfiguration section */
		B85023631DBE58250008239C /* Debug */ = {
			isa = XCBuildConfiguration;
			buildSettings = {
				ALWAYS_SEARCH_USER_PATHS = NO;
				CLANG_ANALYZER_NONNULL = YES;
				CLANG_CXX_LANGUAGE_STANDARD = "gnu++0x";
				CLANG_CXX_LIBRARY = "libc++";
				CLANG_ENABLE_MODULES = YES;
				CLANG_ENABLE_OBJC_ARC = YES;
				CLANG_WARN_BOOL_CONVERSION = YES;
				CLANG_WARN_CONSTANT_CONVERSION = YES;
				CLANG_WARN_DIRECT_OBJC_ISA_USAGE = YES_ERROR;
				CLANG_WARN_DOCUMENTATION_COMMENTS = YES;
				CLANG_WARN_EMPTY_BODY = YES;
				CLANG_WARN_ENUM_CONVERSION = YES;
				CLANG_WARN_INFINITE_RECURSION = YES;
				CLANG_WARN_INT_CONVERSION = YES;
				CLANG_WARN_OBJC_ROOT_CLASS = YES_ERROR;
				CLANG_WARN_SUSPICIOUS_MOVES = YES;
				CLANG_WARN_UNREACHABLE_CODE = YES;
				CLANG_WARN__DUPLICATE_METHOD_MATCH = YES;
				"CODE_SIGN_IDENTITY[sdk=iphoneos*]" = "iPhone Developer";
				COPY_PHASE_STRIP = NO;
				DEBUG_INFORMATION_FORMAT = dwarf;
				ENABLE_STRICT_OBJC_MSGSEND = YES;
				ENABLE_TESTABILITY = YES;
				GCC_C_LANGUAGE_STANDARD = gnu99;
				GCC_DYNAMIC_NO_PIC = NO;
				GCC_NO_COMMON_BLOCKS = YES;
				GCC_OPTIMIZATION_LEVEL = 0;
				GCC_PREPROCESSOR_DEFINITIONS = (
					"DEBUG=1",
					"$(inherited)",
				);
				GCC_WARN_64_TO_32_BIT_CONVERSION = YES;
				GCC_WARN_ABOUT_RETURN_TYPE = YES_ERROR;
				GCC_WARN_UNDECLARED_SELECTOR = YES;
				GCC_WARN_UNINITIALIZED_AUTOS = YES_AGGRESSIVE;
				GCC_WARN_UNUSED_FUNCTION = YES;
				GCC_WARN_UNUSED_VARIABLE = YES;
				IPHONEOS_DEPLOYMENT_TARGET = 10.0;
				MTL_ENABLE_DEBUG_INFO = YES;
				ONLY_ACTIVE_ARCH = YES;
				SDKROOT = iphoneos;
				SWIFT_ACTIVE_COMPILATION_CONDITIONS = DEBUG;
				SWIFT_OPTIMIZATION_LEVEL = "-Onone";
				TARGETED_DEVICE_FAMILY = "1,2";
			};
			name = Debug;
		};
		B85023641DBE58250008239C /* Release */ = {
			isa = XCBuildConfiguration;
			buildSettings = {
				ALWAYS_SEARCH_USER_PATHS = NO;
				CLANG_ANALYZER_NONNULL = YES;
				CLANG_CXX_LANGUAGE_STANDARD = "gnu++0x";
				CLANG_CXX_LIBRARY = "libc++";
				CLANG_ENABLE_MODULES = YES;
				CLANG_ENABLE_OBJC_ARC = YES;
				CLANG_WARN_BOOL_CONVERSION = YES;
				CLANG_WARN_CONSTANT_CONVERSION = YES;
				CLANG_WARN_DIRECT_OBJC_ISA_USAGE = YES_ERROR;
				CLANG_WARN_DOCUMENTATION_COMMENTS = YES;
				CLANG_WARN_EMPTY_BODY = YES;
				CLANG_WARN_ENUM_CONVERSION = YES;
				CLANG_WARN_INFINITE_RECURSION = YES;
				CLANG_WARN_INT_CONVERSION = YES;
				CLANG_WARN_OBJC_ROOT_CLASS = YES_ERROR;
				CLANG_WARN_SUSPICIOUS_MOVES = YES;
				CLANG_WARN_UNREACHABLE_CODE = YES;
				CLANG_WARN__DUPLICATE_METHOD_MATCH = YES;
				"CODE_SIGN_IDENTITY[sdk=iphoneos*]" = "iPhone Developer";
				COPY_PHASE_STRIP = NO;
				DEBUG_INFORMATION_FORMAT = "dwarf-with-dsym";
				ENABLE_NS_ASSERTIONS = NO;
				ENABLE_STRICT_OBJC_MSGSEND = YES;
				GCC_C_LANGUAGE_STANDARD = gnu99;
				GCC_NO_COMMON_BLOCKS = YES;
				GCC_WARN_64_TO_32_BIT_CONVERSION = YES;
				GCC_WARN_ABOUT_RETURN_TYPE = YES_ERROR;
				GCC_WARN_UNDECLARED_SELECTOR = YES;
				GCC_WARN_UNINITIALIZED_AUTOS = YES_AGGRESSIVE;
				GCC_WARN_UNUSED_FUNCTION = YES;
				GCC_WARN_UNUSED_VARIABLE = YES;
				IPHONEOS_DEPLOYMENT_TARGET = 10.0;
				MTL_ENABLE_DEBUG_INFO = NO;
				SDKROOT = iphoneos;
				SWIFT_OPTIMIZATION_LEVEL = "-Owholemodule";
				TARGETED_DEVICE_FAMILY = "1,2";
				VALIDATE_PRODUCT = YES;
			};
			name = Release;
		};
		B85023661DBE58250008239C /* Debug */ = {
			isa = XCBuildConfiguration;
			buildSettings = {
				ASSETCATALOG_COMPILER_APPICON_NAME = AppIcon;
				INFOPLIST_FILE = "10-闭包的返回值和参数/Info.plist";
				LD_RUNPATH_SEARCH_PATHS = "$(inherited) @executable_path/Frameworks";
				PRODUCT_BUNDLE_IDENTIFIER = "mark.-0----------";
				PRODUCT_NAME = "$(TARGET_NAME)";
				SWIFT_VERSION = 3.0;
			};
			name = Debug;
		};
		B85023671DBE58250008239C /* Release */ = {
			isa = XCBuildConfiguration;
			buildSettings = {
				ASSETCATALOG_COMPILER_APPICON_NAME = AppIcon;
				INFOPLIST_FILE = "10-闭包的返回值和参数/Info.plist";
				LD_RUNPATH_SEARCH_PATHS = "$(inherited) @executable_path/Frameworks";
				PRODUCT_BUNDLE_IDENTIFIER = "mark.-0----------";
				PRODUCT_NAME = "$(TARGET_NAME)";
				SWIFT_VERSION = 3.0;
			};
			name = Release;
		};
		B85023691DBE58250008239C /* Debug */ = {
			isa = XCBuildConfiguration;
			buildSettings = {
				ALWAYS_EMBED_SWIFT_STANDARD_LIBRARIES = YES;
				BUNDLE_LOADER = "$(TEST_HOST)";
				INFOPLIST_FILE = "10-闭包的返回值和参数Tests/Info.plist";
				LD_RUNPATH_SEARCH_PATHS = "$(inherited) @executable_path/Frameworks @loader_path/Frameworks";
				PRODUCT_BUNDLE_IDENTIFIER = "mark.-0----------Tests";
				PRODUCT_NAME = "$(TARGET_NAME)";
				SWIFT_VERSION = 3.0;
				TEST_HOST = "$(BUILT_PRODUCTS_DIR)/10-闭包的返回值和参数.app/10-闭包的返回值和参数";
			};
			name = Debug;
		};
		B850236A1DBE58250008239C /* Release */ = {
			isa = XCBuildConfiguration;
			buildSettings = {
				ALWAYS_EMBED_SWIFT_STANDARD_LIBRARIES = YES;
				BUNDLE_LOADER = "$(TEST_HOST)";
				INFOPLIST_FILE = "10-闭包的返回值和参数Tests/Info.plist";
				LD_RUNPATH_SEARCH_PATHS = "$(inherited) @executable_path/Frameworks @loader_path/Frameworks";
				PRODUCT_BUNDLE_IDENTIFIER = "mark.-0----------Tests";
				PRODUCT_NAME = "$(TARGET_NAME)";
				SWIFT_VERSION = 3.0;
				TEST_HOST = "$(BUILT_PRODUCTS_DIR)/10-闭包的返回值和参数.app/10-闭包的返回值和参数";
			};
			name = Release;
		};
		B850236C1DBE58250008239C /* Debug */ = {
			isa = XCBuildConfiguration;
			buildSettings = {
				ALWAYS_EMBED_SWIFT_STANDARD_LIBRARIES = YES;
				INFOPLIST_FILE = "10-闭包的返回值和参数UITests/Info.plist";
				LD_RUNPATH_SEARCH_PATHS = "$(inherited) @executable_path/Frameworks @loader_path/Frameworks";
				PRODUCT_BUNDLE_IDENTIFIER = "mark.-0----------UITests";
				PRODUCT_NAME = "$(TARGET_NAME)";
				SWIFT_VERSION = 3.0;
				TEST_TARGET_NAME = "10-闭包的返回值和参数";
			};
			name = Debug;
		};
		B850236D1DBE58250008239C /* Release */ = {
			isa = XCBuildConfiguration;
			buildSettings = {
				ALWAYS_EMBED_SWIFT_STANDARD_LIBRARIES = YES;
				INFOPLIST_FILE = "10-闭包的返回值和参数UITests/Info.plist";
				LD_RUNPATH_SEARCH_PATHS = "$(inherited) @executable_path/Frameworks @loader_path/Frameworks";
				PRODUCT_BUNDLE_IDENTIFIER = "mark.-0----------UITests";
				PRODUCT_NAME = "$(TARGET_NAME)";
				SWIFT_VERSION = 3.0;
				TEST_TARGET_NAME = "10-闭包的返回值和参数";
			};
			name = Release;
		};
/* End XCBuildConfiguration section */

/* Begin XCConfigurationList section */
		B85023381DBE58250008239C /* Build configuration list for PBXProject "10-闭包的返回值和参数" */ = {
			isa = XCConfigurationList;
			buildConfigurations = (
				B85023631DBE58250008239C /* Debug */,
				B85023641DBE58250008239C /* Release */,
			);
			defaultConfigurationIsVisible = 0;
			defaultConfigurationName = Release;
		};
		B85023651DBE58250008239C /* Build configuration list for PBXNativeTarget "10-闭包的返回值和参数" */ = {
			isa = XCConfigurationList;
			buildConfigurations = (
				B85023661DBE58250008239C /* Debug */,
				B85023671DBE58250008239C /* Release */,
			);
			defaultConfigurationIsVisible = 0;
		};
		B85023681DBE58250008239C /* Build configuration list for PBXNativeTarget "10-闭包的返回值和参数Tests" */ = {
			isa = XCConfigurationList;
			buildConfigurations = (
				B85023691DBE58250008239C /* Debug */,
				B850236A1DBE58250008239C /* Release */,
			);
			defaultConfigurationIsVisible = 0;
		};
		B850236B1DBE58250008239C /* Build configuration list for PBXNativeTarget "10-闭包的返回值和参数UITests" */ = {
			isa = XCConfigurationList;
			buildConfigurations = (
				B850236C1DBE58250008239C /* Debug */,
				B850236D1DBE58250008239C /* Release */,
			);
			defaultConfigurationIsVisible = 0;
		};
/* End XCConfigurationList section */
	};
	rootObject = B85023351DBE58250008239C /* Project object */;
}
